// !$*UTF8*$!
{
	archiveVersion = 1;
	classes = {
	};
	objectVersion = 46;
	objects = {

/* Begin PBXBuildFile section */
		2753BECD1D891AD900BFED52 /* LLTextHandleView.swift in Sources */ = {isa = PBXBuildFile; fileRef = 2753BECC1D891AD900BFED52 /* LLTextHandleView.swift */; };
		2789D89D1D86254100B283A7 /* AppDelegate.swift in Sources */ = {isa = PBXBuildFile; fileRef = 2789D89C1D86254100B283A7 /* AppDelegate.swift */; };
		2789D89F1D86254100B283A7 /* ViewController.swift in Sources */ = {isa = PBXBuildFile; fileRef = 2789D89E1D86254100B283A7 /* ViewController.swift */; };
		2789D8A21D86254100B283A7 /* Main.storyboard in Resources */ = {isa = PBXBuildFile; fileRef = 2789D8A01D86254100B283A7 /* Main.storyboard */; };
		2789D8A41D86254100B283A7 /* Assets.xcassets in Resources */ = {isa = PBXBuildFile; fileRef = 2789D8A31D86254100B283A7 /* Assets.xcassets */; };
		2789D8A71D86254100B283A7 /* LaunchScreen.storyboard in Resources */ = {isa = PBXBuildFile; fileRef = 2789D8A51D86254100B283A7 /* LaunchScreen.storyboard */; };
		2789D8B21D86268C00B283A7 /* LLClipViewController.m in Sources */ = {isa = PBXBuildFile; fileRef = 2789D8B11D86268C00B283A7 /* LLClipViewController.m */; };
		2789D8B51D8626F200B283A7 /* LLClipItem.m in Sources */ = {isa = PBXBuildFile; fileRef = 2789D8B41D8626F200B283A7 /* LLClipItem.m */; };
		2789D8B81D86270300B283A7 /* LLClip.m in Sources */ = {isa = PBXBuildFile; fileRef = 2789D8B71D86270300B283A7 /* LLClip.m */; };
		2789D8BA1D8627D400B283A7 /* LLClipViewController.xib in Resources */ = {isa = PBXBuildFile; fileRef = 2789D8B91D8627D400B283A7 /* LLClipViewController.xib */; };
		2789D8BE1D862E2B00B283A7 /* LLClipViewController~iphone.xib in Resources */ = {isa = PBXBuildFile; fileRef = 2789D8BD1D862E2B00B283A7 /* LLClipViewController~iphone.xib */; };
		2789D8C11D8640E500B283A7 /* LLClipMultiTextInputViewController.swift in Sources */ = {isa = PBXBuildFile; fileRef = 2789D8BF1D8640E500B283A7 /* LLClipMultiTextInputViewController.swift */; };
		2789D8C21D8640E500B283A7 /* LLClipMultiTextInputViewController.xib in Resources */ = {isa = PBXBuildFile; fileRef = 2789D8C01D8640E500B283A7 /* LLClipMultiTextInputViewController.xib */; };
		2789D8C51D86426200B283A7 /* LLBorderedButton.m in Sources */ = {isa = PBXBuildFile; fileRef = 2789D8C41D86426200B283A7 /* LLBorderedButton.m */; };
		2789D8C81D86494800B283A7 /* Localizable.strings in Resources */ = {isa = PBXBuildFile; fileRef = 2789D8CA1D86494800B283A7 /* Localizable.strings */; };
		2789D8D11D8674B400B283A7 /* LLFullScreenPlayView.m in Sources */ = {isa = PBXBuildFile; fileRef = 2789D8D01D8674B400B283A7 /* LLFullScreenPlayView.m */; };
		2789D8D91D867F7E00B283A7 /* NewDrawing.png in Resources */ = {isa = PBXBuildFile; fileRef = 2789D8D31D867F7E00B283A7 /* NewDrawing.png */; };
		2789D8DA1D867F7E00B283A7 /* NewDrawing@2x.png in Resources */ = {isa = PBXBuildFile; fileRef = 2789D8D41D867F7E00B283A7 /* NewDrawing@2x.png */; };
		2789D8DB1D867F7E00B283A7 /* WhiteCircleButton_on.png in Resources */ = {isa = PBXBuildFile; fileRef = 2789D8D51D867F7E00B283A7 /* WhiteCircleButton_on.png */; };
		2789D8DC1D867F7E00B283A7 /* WhiteCircleButton_on@2x.png in Resources */ = {isa = PBXBuildFile; fileRef = 2789D8D61D867F7E00B283A7 /* WhiteCircleButton_on@2x.png */; };
		2789D8DD1D867F7E00B283A7 /* WhiteCircleButton.png in Resources */ = {isa = PBXBuildFile; fileRef = 2789D8D71D867F7E00B283A7 /* WhiteCircleButton.png */; };
		2789D8DE1D867F7E00B283A7 /* WhiteCircleButton@2x.png in Resources */ = {isa = PBXBuildFile; fileRef = 2789D8D81D867F7E00B283A7 /* WhiteCircleButton@2x.png */; };
/* End PBXBuildFile section */

/* Begin PBXFileReference section */
		2753BECC1D891AD900BFED52 /* LLTextHandleView.swift */ = {isa = PBXFileReference; fileEncoding = 4; lastKnownFileType = sourcecode.swift; path = LLTextHandleView.swift; sourceTree = "<group>"; };
		2789D8991D86254100B283A7 /* MultiTextView.app */ = {isa = PBXFileReference; explicitFileType = wrapper.application; includeInIndex = 0; path = MultiTextView.app; sourceTree = BUILT_PRODUCTS_DIR; };
		2789D89C1D86254100B283A7 /* AppDelegate.swift */ = {isa = PBXFileReference; lastKnownFileType = sourcecode.swift; path = AppDelegate.swift; sourceTree = "<group>"; };
		2789D89E1D86254100B283A7 /* ViewController.swift */ = {isa = PBXFileReference; lastKnownFileType = sourcecode.swift; path = ViewController.swift; sourceTree = "<group>"; };
		2789D8A11D86254100B283A7 /* Base */ = {isa = PBXFileReference; lastKnownFileType = file.storyboard; name = Base; path = Base.lproj/Main.storyboard; sourceTree = "<group>"; };
		2789D8A31D86254100B283A7 /* Assets.xcassets */ = {isa = PBXFileReference; lastKnownFileType = folder.assetcatalog; path = Assets.xcassets; sourceTree = "<group>"; };
		2789D8A61D86254100B283A7 /* Base */ = {isa = PBXFileReference; lastKnownFileType = file.storyboard; name = Base; path = Base.lproj/LaunchScreen.storyboard; sourceTree = "<group>"; };
		2789D8A81D86254100B283A7 /* Info.plist */ = {isa = PBXFileReference; lastKnownFileType = text.plist.xml; path = Info.plist; sourceTree = "<group>"; };
		2789D8AF1D86268C00B283A7 /* MultiTextView-Bridging-Header.h */ = {isa = PBXFileReference; lastKnownFileType = sourcecode.c.h; path = "MultiTextView-Bridging-Header.h"; sourceTree = "<group>"; };
		2789D8B01D86268C00B283A7 /* LLClipViewController.h */ = {isa = PBXFileReference; fileEncoding = 4; lastKnownFileType = sourcecode.c.h; name = LLClipViewController.h; path = Base/LLClipViewController.h; sourceTree = "<group>"; };
		2789D8B11D86268C00B283A7 /* LLClipViewController.m */ = {isa = PBXFileReference; fileEncoding = 4; lastKnownFileType = sourcecode.c.objc; name = LLClipViewController.m; path = Base/LLClipViewController.m; sourceTree = "<group>"; };
		2789D8B31D8626F200B283A7 /* LLClipItem.h */ = {isa = PBXFileReference; fileEncoding = 4; lastKnownFileType = sourcecode.c.h; name = LLClipItem.h; path = Base/LLClipItem.h; sourceTree = "<group>"; };
		2789D8B41D8626F200B283A7 /* LLClipItem.m */ = {isa = PBXFileReference; fileEncoding = 4; lastKnownFileType = sourcecode.c.objc; name = LLClipItem.m; path = Base/LLClipItem.m; sourceTree = "<group>"; };
		2789D8B61D86270300B283A7 /* LLClip.h */ = {isa = PBXFileReference; fileEncoding = 4; lastKnownFileType = sourcecode.c.h; name = LLClip.h; path = Base/LLClip.h; sourceTree = "<group>"; };
		2789D8B71D86270300B283A7 /* LLClip.m */ = {isa = PBXFileReference; fileEncoding = 4; lastKnownFileType = sourcecode.c.objc; name = LLClip.m; path = Base/LLClip.m; sourceTree = "<group>"; };
		2789D8B91D8627D400B283A7 /* LLClipViewController.xib */ = {isa = PBXFileReference; fileEncoding = 4; lastKnownFileType = file.xib; name = LLClipViewController.xib; path = Base/LLClipViewController.xib; sourceTree = "<group>"; };
		2789D8BD1D862E2B00B283A7 /* LLClipViewController~iphone.xib */ = {isa = PBXFileReference; fileEncoding = 4; lastKnownFileType = file.xib; name = "LLClipViewController~iphone.xib"; path = "Base/LLClipViewController~iphone.xib"; sourceTree = "<group>"; };
		2789D8BF1D8640E500B283A7 /* LLClipMultiTextInputViewController.swift */ = {isa = PBXFileReference; fileEncoding = 4; lastKnownFileType = sourcecode.swift; path = LLClipMultiTextInputViewController.swift; sourceTree = "<group>"; };
		2789D8C01D8640E500B283A7 /* LLClipMultiTextInputViewController.xib */ = {isa = PBXFileReference; fileEncoding = 4; lastKnownFileType = file.xib; path = LLClipMultiTextInputViewController.xib; sourceTree = "<group>"; };
		2789D8C31D86426200B283A7 /* LLBorderedButton.h */ = {isa = PBXFileReference; fileEncoding = 4; lastKnownFileType = sourcecode.c.h; name = LLBorderedButton.h; path = Base/LLBorderedButton.h; sourceTree = "<group>"; };
		2789D8C41D86426200B283A7 /* LLBorderedButton.m */ = {isa = PBXFileReference; fileEncoding = 4; lastKnownFileType = sourcecode.c.objc; name = LLBorderedButton.m; path = Base/LLBorderedButton.m; sourceTree = "<group>"; };
		2789D8CB1D86494D00B283A7 /* en */ = {isa = PBXFileReference; lastKnownFileType = text.plist.strings; name = en; path = en.lproj/Localizable.strings; sourceTree = "<group>"; };
		2789D8CC1D86498D00B283A7 /* ja */ = {isa = PBXFileReference; lastKnownFileType = text.plist.strings; name = ja; path = ja.lproj/Main.strings; sourceTree = "<group>"; };
		2789D8CD1D86498D00B283A7 /* ja */ = {isa = PBXFileReference; lastKnownFileType = text.plist.strings; name = ja; path = ja.lproj/LaunchScreen.strings; sourceTree = "<group>"; };
		2789D8CE1D86498D00B283A7 /* ja */ = {isa = PBXFileReference; lastKnownFileType = text.plist.strings; name = ja; path = ja.lproj/Localizable.strings; sourceTree = "<group>"; };
		2789D8CF1D8674B400B283A7 /* LLFullScreenPlayView.h */ = {isa = PBXFileReference; fileEncoding = 4; lastKnownFileType = sourcecode.c.h; name = LLFullScreenPlayView.h; path = Base/LLFullScreenPlayView.h; sourceTree = "<group>"; };
		2789D8D01D8674B400B283A7 /* LLFullScreenPlayView.m */ = {isa = PBXFileReference; fileEncoding = 4; lastKnownFileType = sourcecode.c.objc; name = LLFullScreenPlayView.m; path = Base/LLFullScreenPlayView.m; sourceTree = "<group>"; };
		2789D8D31D867F7E00B283A7 /* NewDrawing.png */ = {isa = PBXFileReference; lastKnownFileType = image.png; name = NewDrawing.png; path = images/NewDrawing.png; sourceTree = "<group>"; };
		2789D8D41D867F7E00B283A7 /* NewDrawing@2x.png */ = {isa = PBXFileReference; lastKnownFileType = image.png; name = "NewDrawing@2x.png"; path = "images/NewDrawing@2x.png"; sourceTree = "<group>"; };
		2789D8D51D867F7E00B283A7 /* WhiteCircleButton_on.png */ = {isa = PBXFileReference; lastKnownFileType = image.png; name = WhiteCircleButton_on.png; path = images/WhiteCircleButton_on.png; sourceTree = "<group>"; };
		2789D8D61D867F7E00B283A7 /* WhiteCircleButton_on@2x.png */ = {isa = PBXFileReference; lastKnownFileType = image.png; name = "WhiteCircleButton_on@2x.png"; path = "images/WhiteCircleButton_on@2x.png"; sourceTree = "<group>"; };
		2789D8D71D867F7E00B283A7 /* WhiteCircleButton.png */ = {isa = PBXFileReference; lastKnownFileType = image.png; name = WhiteCircleButton.png; path = images/WhiteCircleButton.png; sourceTree = "<group>"; };
		2789D8D81D867F7E00B283A7 /* WhiteCircleButton@2x.png */ = {isa = PBXFileReference; lastKnownFileType = image.png; name = "WhiteCircleButton@2x.png"; path = "images/WhiteCircleButton@2x.png"; sourceTree = "<group>"; };
/* End PBXFileReference section */

/* Begin PBXFrameworksBuildPhase section */
		2789D8961D86254100B283A7 /* Frameworks */ = {
			isa = PBXFrameworksBuildPhase;
			buildActionMask = 2147483647;
			files = (
			);
			runOnlyForDeploymentPostprocessing = 0;
		};
/* End PBXFrameworksBuildPhase section */

/* Begin PBXGroup section */
		2789D8901D86254100B283A7 = {
			isa = PBXGroup;
			children = (
				2789D8AE1D86264E00B283A7 /* Base */,
				2789D89B1D86254100B283A7 /* MultiTextView */,
				2789D8D21D867F6800B283A7 /* images */,
				2789D89A1D86254100B283A7 /* Products */,
			);
			sourceTree = "<group>";
		};
		2789D89A1D86254100B283A7 /* Products */ = {
			isa = PBXGroup;
			children = (
				2789D8991D86254100B283A7 /* MultiTextView.app */,
			);
			name = Products;
			sourceTree = "<group>";
		};
		2789D89B1D86254100B283A7 /* MultiTextView */ = {
			isa = PBXGroup;
			children = (
				2789D89C1D86254100B283A7 /* AppDelegate.swift */,
				2789D89E1D86254100B283A7 /* ViewController.swift */,
				2789D8A01D86254100B283A7 /* Main.storyboard */,
				2789D8A31D86254100B283A7 /* Assets.xcassets */,
				2789D8A51D86254100B283A7 /* LaunchScreen.storyboard */,
				2789D8A81D86254100B283A7 /* Info.plist */,
				2789D8BF1D8640E500B283A7 /* LLClipMultiTextInputViewController.swift */,
				2789D8C01D8640E500B283A7 /* LLClipMultiTextInputViewController.xib */,
				2753BECC1D891AD900BFED52 /* LLTextHandleView.swift */,
			);
			path = MultiTextView;
			sourceTree = "<group>";
		};
		2789D8AE1D86264E00B283A7 /* Base */ = {
			isa = PBXGroup;
			children = (
				2789D8C31D86426200B283A7 /* LLBorderedButton.h */,
				2789D8C41D86426200B283A7 /* LLBorderedButton.m */,
				2789D8B61D86270300B283A7 /* LLClip.h */,
				2789D8B71D86270300B283A7 /* LLClip.m */,
				2789D8B31D8626F200B283A7 /* LLClipItem.h */,
				2789D8B41D8626F200B283A7 /* LLClipItem.m */,
				2789D8B01D86268C00B283A7 /* LLClipViewController.h */,
				2789D8B11D86268C00B283A7 /* LLClipViewController.m */,
				2789D8CF1D8674B400B283A7 /* LLFullScreenPlayView.h */,
				2789D8D01D8674B400B283A7 /* LLFullScreenPlayView.m */,
				2789D8AF1D86268C00B283A7 /* MultiTextView-Bridging-Header.h */,
				2789D8B91D8627D400B283A7 /* LLClipViewController.xib */,
				2789D8BD1D862E2B00B283A7 /* LLClipViewController~iphone.xib */,
				2789D8CA1D86494800B283A7 /* Localizable.strings */,
			);
			name = Base;
			sourceTree = "<group>";
		};
		2789D8D21D867F6800B283A7 /* images */ = {
			isa = PBXGroup;
			children = (
				2789D8D31D867F7E00B283A7 /* NewDrawing.png */,
				2789D8D41D867F7E00B283A7 /* NewDrawing@2x.png */,
				2789D8D51D867F7E00B283A7 /* WhiteCircleButton_on.png */,
				2789D8D61D867F7E00B283A7 /* WhiteCircleButton_on@2x.png */,
				2789D8D71D867F7E00B283A7 /* WhiteCircleButton.png */,
				2789D8D81D867F7E00B283A7 /* WhiteCircleButton@2x.png */,
			);
			name = images;
			sourceTree = "<group>";
		};
/* End PBXGroup section */

/* Begin PBXNativeTarget section */
		2789D8981D86254100B283A7 /* MultiTextView */ = {
			isa = PBXNativeTarget;
			buildConfigurationList = 2789D8AB1D86254100B283A7 /* Build configuration list for PBXNativeTarget "MultiTextView" */;
			buildPhases = (
				2789D8951D86254100B283A7 /* Sources */,
				2789D8961D86254100B283A7 /* Frameworks */,
				2789D8971D86254100B283A7 /* Resources */,
			);
			buildRules = (
			);
			dependencies = (
			);
			name = MultiTextView;
			productName = MultiTextView;
			productReference = 2789D8991D86254100B283A7 /* MultiTextView.app */;
			productType = "com.apple.product-type.application";
		};
/* End PBXNativeTarget section */

/* Begin PBXProject section */
		2789D8911D86254100B283A7 /* Project object */ = {
			isa = PBXProject;
			attributes = {
				LastSwiftUpdateCheck = 0730;
				LastUpgradeCheck = 0730;
				ORGANIZATIONNAME = loilo;
				TargetAttributes = {
					2789D8981D86254100B283A7 = {
						CreatedOnToolsVersion = 7.3.1;
					};
				};
			};
			buildConfigurationList = 2789D8941D86254100B283A7 /* Build configuration list for PBXProject "MultiTextView" */;
			compatibilityVersion = "Xcode 3.2";
			developmentRegion = English;
			hasScannedForEncodings = 0;
			knownRegions = (
				en,
				Base,
				ja,
			);
			mainGroup = 2789D8901D86254100B283A7;
			productRefGroup = 2789D89A1D86254100B283A7 /* Products */;
			projectDirPath = "";
			projectRoot = "";
			targets = (
				2789D8981D86254100B283A7 /* MultiTextView */,
			);
		};
/* End PBXProject section */

/* Begin PBXResourcesBuildPhase section */
		2789D8971D86254100B283A7 /* Resources */ = {
			isa = PBXResourcesBuildPhase;
			buildActionMask = 2147483647;
			files = (
				2789D8DB1D867F7E00B283A7 /* WhiteCircleButton_on.png in Resources */,
				2789D8DA1D867F7E00B283A7 /* NewDrawing@2x.png in Resources */,
				2789D8BA1D8627D400B283A7 /* LLClipViewController.xib in Resources */,
				2789D8C81D86494800B283A7 /* Localizable.strings in Resources */,
				2789D8A71D86254100B283A7 /* LaunchScreen.storyboard in Resources */,
				2789D8DE1D867F7E00B283A7 /* WhiteCircleButton@2x.png in Resources */,
				2789D8DC1D867F7E00B283A7 /* WhiteCircleButton_on@2x.png in Resources */,
				2789D8BE1D862E2B00B283A7 /* LLClipViewController~iphone.xib in Resources */,
				2789D8DD1D867F7E00B283A7 /* WhiteCircleButton.png in Resources */,
				2789D8A41D86254100B283A7 /* Assets.xcassets in Resources */,
				2789D8C21D8640E500B283A7 /* LLClipMultiTextInputViewController.xib in Resources */,
				2789D8A21D86254100B283A7 /* Main.storyboard in Resources */,
				2789D8D91D867F7E00B283A7 /* NewDrawing.png in Resources */,
			);
			runOnlyForDeploymentPostprocessing = 0;
		};
/* End PBXResourcesBuildPhase section */

/* Begin PBXSourcesBuildPhase section */
		2789D8951D86254100B283A7 /* Sources */ = {
			isa = PBXSourcesBuildPhase;
			buildActionMask = 2147483647;
			files = (
				2789D89F1D86254100B283A7 /* ViewController.swift in Sources */,
				2789D8B21D86268C00B283A7 /* LLClipViewController.m in Sources */,
				2789D8C11D8640E500B283A7 /* LLClipMultiTextInputViewController.swift in Sources */,
				2789D8B81D86270300B283A7 /* LLClip.m in Sources */,
				2789D8C51D86426200B283A7 /* LLBorderedButton.m in Sources */,
				2753BECD1D891AD900BFED52 /* LLTextHandleView.swift in Sources */,
				2789D8D11D8674B400B283A7 /* LLFullScreenPlayView.m in Sources */,
				2789D8B51D8626F200B283A7 /* LLClipItem.m in Sources */,
				2789D89D1D86254100B283A7 /* AppDelegate.swift in Sources */,
			);
			runOnlyForDeploymentPostprocessing = 0;
		};
/* End PBXSourcesBuildPhase section */

/* Begin PBXVariantGroup section */
		2789D8A01D86254100B283A7 /* Main.storyboard */ = {
			isa = PBXVariantGroup;
			children = (
				2789D8A11D86254100B283A7 /* Base */,
				2789D8CC1D86498D00B283A7 /* ja */,
			);
			name = Main.storyboard;
			sourceTree = "<group>";
		};
		2789D8A51D86254100B283A7 /* LaunchScreen.storyboard */ = {
			isa = PBXVariantGroup;
			children = (
				2789D8A61D86254100B283A7 /* Base */,
				2789D8CD1D86498D00B283A7 /* ja */,
			);
			name = LaunchScreen.storyboard;
			sourceTree = "<group>";
		};
		2789D8CA1D86494800B283A7 /* Localizable.strings */ = {
			isa = PBXVariantGroup;
			children = (
				2789D8CB1D86494D00B283A7 /* en */,
				2789D8CE1D86498D00B283A7 /* ja */,
			);
			name = Localizable.strings;
			path = Base;
			sourceTree = "<group>";
		};
/* End PBXVariantGroup section */

/* Begin XCBuildConfiguration section */
		2789D8A91D86254100B283A7 /* Debug */ = {
			isa = XCBuildConfiguration;
			buildSettings = {
				ALWAYS_SEARCH_USER_PATHS = NO;
				CLANG_ANALYZER_NONNULL = YES;
				CLANG_CXX_LANGUAGE_STANDARD = "gnu++0x";
				CLANG_CXX_LIBRARY = "libc++";
				CLANG_ENABLE_MODULES = YES;
				CLANG_ENABLE_OBJC_ARC = YES;
				CLANG_WARN_BOOL_CONVERSION = YES;
				CLANG_WARN_CONSTANT_CONVERSION = YES;
				CLANG_WARN_DIRECT_OBJC_ISA_USAGE = YES_ERROR;
				CLANG_WARN_EMPTY_BODY = YES;
				CLANG_WARN_ENUM_CONVERSION = YES;
				CLANG_WARN_INT_CONVERSION = YES;
				CLANG_WARN_OBJC_ROOT_CLASS = YES_ERROR;
				CLANG_WARN_UNREACHABLE_CODE = YES;
				CLANG_WARN__DUPLICATE_METHOD_MATCH = YES;
				"CODE_SIGN_IDENTITY[sdk=iphoneos*]" = "iPhone Developer";
				COPY_PHASE_STRIP = NO;
				DEBUG_INFORMATION_FORMAT = dwarf;
				ENABLE_STRICT_OBJC_MSGSEND = YES;
				ENABLE_TESTABILITY = YES;
				GCC_C_LANGUAGE_STANDARD = gnu99;
				GCC_DYNAMIC_NO_PIC = NO;
				GCC_NO_COMMON_BLOCKS = YES;
				GCC_OPTIMIZATION_LEVEL = 0;
				GCC_PREPROCESSOR_DEFINITIONS = (
					"DEBUG=1",
					"$(inherited)",
				);
				GCC_WARN_64_TO_32_BIT_CONVERSION = YES;
				GCC_WARN_ABOUT_RETURN_TYPE = YES_ERROR;
				GCC_WARN_UNDECLARED_SELECTOR = YES;
				GCC_WARN_UNINITIALIZED_AUTOS = YES_AGGRESSIVE;
				GCC_WARN_UNUSED_FUNCTION = YES;
				GCC_WARN_UNUSED_VARIABLE = YES;
				IPHONEOS_DEPLOYMENT_TARGET = 8.0;
				MTL_ENABLE_DEBUG_INFO = YES;
				ONLY_ACTIVE_ARCH = YES;
				SDKROOT = iphoneos;
				SWIFT_OPTIMIZATION_LEVEL = "-Onone";
				TARGETED_DEVICE_FAMILY = "1,2";
			};
			name = Debug;
		};
		2789D8AA1D86254100B283A7 /* Release */ = {
			isa = XCBuildConfiguration;
			buildSettings = {
				ALWAYS_SEARCH_USER_PATHS = NO;
				CLANG_ANALYZER_NONNULL = YES;
				CLANG_CXX_LANGUAGE_STANDARD = "gnu++0x";
				CLANG_CXX_LIBRARY = "libc++";
				CLANG_ENABLE_MODULES = YES;
				CLANG_ENABLE_OBJC_ARC = YES;
				CLANG_WARN_BOOL_CONVERSION = YES;
				CLANG_WARN_CONSTANT_CONVERSION = YES;
				CLANG_WARN_DIRECT_OBJC_ISA_USAGE = YES_ERROR;
				CLANG_WARN_EMPTY_BODY = YES;
				CLANG_WARN_ENUM_CONVERSION = YES;
				CLANG_WARN_INT_CONVERSION = YES;
				CLANG_WARN_OBJC_ROOT_CLASS = YES_ERROR;
				CLANG_WARN_UNREACHABLE_CODE = YES;
				CLANG_WARN__DUPLICATE_METHOD_MATCH = YES;
				"CODE_SIGN_IDENTITY[sdk=iphoneos*]" = "iPhone Developer";
				COPY_PHASE_STRIP = NO;
				DEBUG_INFORMATION_FORMAT = "dwarf-with-dsym";
				ENABLE_NS_ASSERTIONS = NO;
				ENABLE_STRICT_OBJC_MSGSEND = YES;
				GCC_C_LANGUAGE_STANDARD = gnu99;
				GCC_NO_COMMON_BLOCKS = YES;
				GCC_WARN_64_TO_32_BIT_CONVERSION = YES;
				GCC_WARN_ABOUT_RETURN_TYPE = YES_ERROR;
				GCC_WARN_UNDECLARED_SELECTOR = YES;
				GCC_WARN_UNINITIALIZED_AUTOS = YES_AGGRESSIVE;
				GCC_WARN_UNUSED_FUNCTION = YES;
				GCC_WARN_UNUSED_VARIABLE = YES;
				IPHONEOS_DEPLOYMENT_TARGET = 8.0;
				MTL_ENABLE_DEBUG_INFO = NO;
				SDKROOT = iphoneos;
				TARGETED_DEVICE_FAMILY = "1,2";
				VALIDATE_PRODUCT = YES;
			};
			name = Release;
		};
		2789D8AC1D86254100B283A7 /* Debug */ = {
			isa = XCBuildConfiguration;
			buildSettings = {
				ASSETCATALOG_COMPILER_APPICON_NAME = AppIcon;
				CLANG_ENABLE_MODULES = YES;
				INFOPLIST_FILE = MultiTextView/Info.plist;
				LD_RUNPATH_SEARCH_PATHS = "$(inherited) @executable_path/Frameworks";
				PRODUCT_BUNDLE_IDENTIFIER = Bottega.MultiTextView;
				PRODUCT_NAME = "$(TARGET_NAME)";
				SWIFT_OBJC_BRIDGING_HEADER = "MultiTextView-Bridging-Header.h";
				SWIFT_OPTIMIZATION_LEVEL = "-Onone";
			};
			name = Debug;
		};
		2789D8AD1D86254100B283A7 /* Release */ = {
			isa = XCBuildConfiguration;
			buildSettings = {
				ASSETCATALOG_COMPILER_APPICON_NAME = AppIcon;
				CLANG_ENABLE_MODULES = YES;
				INFOPLIST_FILE = MultiTextView/Info.plist;
				LD_RUNPATH_SEARCH_PATHS = "$(inherited) @executable_path/Frameworks";
				PRODUCT_BUNDLE_IDENTIFIER = Bottega.MultiTextView;
				PRODUCT_NAME = "$(TARGET_NAME)";
				SWIFT_OBJC_BRIDGING_HEADER = "MultiTextView-Bridging-Header.h";
			};
			name = Release;
		};
/* End XCBuildConfiguration section */

/* Begin XCConfigurationList section */
		2789D8941D86254100B283A7 /* Build configuration list for PBXProject "MultiTextView" */ = {
			isa = XCConfigurationList;
			buildConfigurations = (
				2789D8A91D86254100B283A7 /* Debug */,
				2789D8AA1D86254100B283A7 /* Release */,
			);
			defaultConfigurationIsVisible = 0;
			defaultConfigurationName = Release;
		};
		2789D8AB1D86254100B283A7 /* Build configuration list for PBXNativeTarget "MultiTextView" */ = {
			isa = XCConfigurationList;
			buildConfigurations = (
				2789D8AC1D86254100B283A7 /* Debug */,
				2789D8AD1D86254100B283A7 /* Release */,
			);
			defaultConfigurationIsVisible = 0;
			defaultConfigurationName = Release;
		};
/* End XCConfigurationList section */
	};
	rootObject = 2789D8911D86254100B283A7 /* Project object */;
}
