// !$*UTF8*$!
{
	archiveVersion = 1;
	classes = {
	};
	objectVersion = 46;
	objects = {

/* Begin PBXBuildFile section */
		2711B3D91D95007C00BB1363 /* CYRLayoutManager.m in Sources */ = {isa = PBXBuildFile; fileRef = 2711B3BC1D95007C00BB1363 /* CYRLayoutManager.m */; };
		2711B3DA1D95007C00BB1363 /* CYRTextStorage.m in Sources */ = {isa = PBXBuildFile; fileRef = 2711B3BE1D95007C00BB1363 /* CYRTextStorage.m */; };
		2711B3DB1D95007C00BB1363 /* CYRTextView.m in Sources */ = {isa = PBXBuildFile; fileRef = 2711B3C01D95007C00BB1363 /* CYRTextView.m */; };
		2711B3DC1D95007C00BB1363 /* CYRToken.m in Sources */ = {isa = PBXBuildFile; fileRef = 2711B3C21D95007C00BB1363 /* CYRToken.m */; };
		2711B3E21D95007C00BB1363 /* HRColorUtil.m in Sources */ = {isa = PBXBuildFile; fileRef = 2711B3CF1D95007C00BB1363 /* HRColorUtil.m */; };
		2711B3E31D95007C00BB1363 /* ZSSBarButtonItem.m in Sources */ = {isa = PBXBuildFile; fileRef = 2711B3D11D95007C00BB1363 /* ZSSBarButtonItem.m */; };
		2711B3E41D95007C00BB1363 /* ZSSFontsViewController.m in Sources */ = {isa = PBXBuildFile; fileRef = 2711B3D31D95007C00BB1363 /* ZSSFontsViewController.m */; };
		2711B3E51D95007C00BB1363 /* ZSSRichTextEditor.js in Resources */ = {isa = PBXBuildFile; fileRef = 2711B3D51D95007C00BB1363 /* ZSSRichTextEditor.js */; };
		2711B3E61D95007C00BB1363 /* ZSSRichTextEditor.m in Sources */ = {isa = PBXBuildFile; fileRef = 2711B3D61D95007C00BB1363 /* ZSSRichTextEditor.m */; };
		2711B3E71D95007C00BB1363 /* ZSSTextView.m in Sources */ = {isa = PBXBuildFile; fileRef = 2711B3D81D95007C00BB1363 /* ZSSTextView.m */; };
		2711B3EA1D950EF200BB1363 /* LLUtility.m in Sources */ = {isa = PBXBuildFile; fileRef = 2711B3E91D950EF200BB1363 /* LLUtility.m */; };
		2711B43B1D951F8800BB1363 /* editor.html in Resources */ = {isa = PBXBuildFile; fileRef = 2711B3EB1D951F8800BB1363 /* editor.html */; };
		2711B43C1D951F8800BB1363 /* ZSSbgcolor.png in Resources */ = {isa = PBXBuildFile; fileRef = 2711B3ED1D951F8800BB1363 /* ZSSbgcolor.png */; };
		2711B43D1D951F8800BB1363 /* ZSSbgcolor@2x.png in Resources */ = {isa = PBXBuildFile; fileRef = 2711B3EE1D951F8800BB1363 /* ZSSbgcolor@2x.png */; };
		2711B43E1D951F8800BB1363 /* ZSSbold.png in Resources */ = {isa = PBXBuildFile; fileRef = 2711B3EF1D951F8800BB1363 /* ZSSbold.png */; };
		2711B43F1D951F8800BB1363 /* ZSSbold@2x.png in Resources */ = {isa = PBXBuildFile; fileRef = 2711B3F01D951F8800BB1363 /* ZSSbold@2x.png */; };
		2711B4401D951F8800BB1363 /* ZSScenterjustify.png in Resources */ = {isa = PBXBuildFile; fileRef = 2711B3F11D951F8800BB1363 /* ZSScenterjustify.png */; };
		2711B4411D951F8800BB1363 /* ZSScenterjustify@2x.png in Resources */ = {isa = PBXBuildFile; fileRef = 2711B3F21D951F8800BB1363 /* ZSScenterjustify@2x.png */; };
		2711B4421D951F8800BB1363 /* ZSSclearstyle.png in Resources */ = {isa = PBXBuildFile; fileRef = 2711B3F31D951F8800BB1363 /* ZSSclearstyle.png */; };
		2711B4431D951F8800BB1363 /* ZSSclearstyle@2x.png in Resources */ = {isa = PBXBuildFile; fileRef = 2711B3F41D951F8800BB1363 /* ZSSclearstyle@2x.png */; };
		2711B4441D951F8800BB1363 /* ZSSfonts.png in Resources */ = {isa = PBXBuildFile; fileRef = 2711B3F51D951F8800BB1363 /* ZSSfonts.png */; };
		2711B4451D951F8800BB1363 /* ZSSfonts@2x.png in Resources */ = {isa = PBXBuildFile; fileRef = 2711B3F61D951F8800BB1363 /* ZSSfonts@2x.png */; };
		2711B4461D951F8800BB1363 /* ZSSforcejustify.png in Resources */ = {isa = PBXBuildFile; fileRef = 2711B3F71D951F8800BB1363 /* ZSSforcejustify.png */; };
		2711B4471D951F8800BB1363 /* ZSSforcejustify@2x.png in Resources */ = {isa = PBXBuildFile; fileRef = 2711B3F81D951F8800BB1363 /* ZSSforcejustify@2x.png */; };
		2711B4481D951F8800BB1363 /* ZSSh1.png in Resources */ = {isa = PBXBuildFile; fileRef = 2711B3F91D951F8800BB1363 /* ZSSh1.png */; };
		2711B4491D951F8800BB1363 /* ZSSh1@2x.png in Resources */ = {isa = PBXBuildFile; fileRef = 2711B3FA1D951F8800BB1363 /* ZSSh1@2x.png */; };
		2711B44A1D951F8800BB1363 /* ZSSh2.png in Resources */ = {isa = PBXBuildFile; fileRef = 2711B3FB1D951F8800BB1363 /* ZSSh2.png */; };
		2711B44B1D951F8800BB1363 /* ZSSh2@2x.png in Resources */ = {isa = PBXBuildFile; fileRef = 2711B3FC1D951F8800BB1363 /* ZSSh2@2x.png */; };
		2711B44C1D951F8800BB1363 /* ZSSh3.png in Resources */ = {isa = PBXBuildFile; fileRef = 2711B3FD1D951F8800BB1363 /* ZSSh3.png */; };
		2711B44D1D951F8800BB1363 /* ZSSh3@2x.png in Resources */ = {isa = PBXBuildFile; fileRef = 2711B3FE1D951F8800BB1363 /* ZSSh3@2x.png */; };
		2711B44E1D951F8800BB1363 /* ZSSh4.png in Resources */ = {isa = PBXBuildFile; fileRef = 2711B3FF1D951F8800BB1363 /* ZSSh4.png */; };
		2711B44F1D951F8800BB1363 /* ZSSh4@2x.png in Resources */ = {isa = PBXBuildFile; fileRef = 2711B4001D951F8800BB1363 /* ZSSh4@2x.png */; };
		2711B4501D951F8800BB1363 /* ZSSh5.png in Resources */ = {isa = PBXBuildFile; fileRef = 2711B4011D951F8800BB1363 /* ZSSh5.png */; };
		2711B4511D951F8800BB1363 /* ZSSh5@2x.png in Resources */ = {isa = PBXBuildFile; fileRef = 2711B4021D951F8800BB1363 /* ZSSh5@2x.png */; };
		2711B4521D951F8800BB1363 /* ZSSh6.png in Resources */ = {isa = PBXBuildFile; fileRef = 2711B4031D951F8800BB1363 /* ZSSh6.png */; };
		2711B4531D951F8800BB1363 /* ZSSh6@2x.png in Resources */ = {isa = PBXBuildFile; fileRef = 2711B4041D951F8800BB1363 /* ZSSh6@2x.png */; };
		2711B4541D951F8800BB1363 /* ZSShorizontalrule.png in Resources */ = {isa = PBXBuildFile; fileRef = 2711B4051D951F8800BB1363 /* ZSShorizontalrule.png */; };
		2711B4551D951F8800BB1363 /* ZSShorizontalrule@2x.png in Resources */ = {isa = PBXBuildFile; fileRef = 2711B4061D951F8800BB1363 /* ZSShorizontalrule@2x.png */; };
		2711B4561D951F8800BB1363 /* ZSSimage.png in Resources */ = {isa = PBXBuildFile; fileRef = 2711B4071D951F8800BB1363 /* ZSSimage.png */; };
		2711B4571D951F8800BB1363 /* ZSSimage@2x.png in Resources */ = {isa = PBXBuildFile; fileRef = 2711B4081D951F8800BB1363 /* ZSSimage@2x.png */; };
		2711B4581D951F8800BB1363 /* ZSSimageDevice.png in Resources */ = {isa = PBXBuildFile; fileRef = 2711B4091D951F8800BB1363 /* ZSSimageDevice.png */; };
		2711B4591D951F8800BB1363 /* ZSSimageDevice@2x.png in Resources */ = {isa = PBXBuildFile; fileRef = 2711B40A1D951F8800BB1363 /* ZSSimageDevice@2x.png */; };
		2711B45A1D951F8800BB1363 /* ZSSindent.png in Resources */ = {isa = PBXBuildFile; fileRef = 2711B40B1D951F8800BB1363 /* ZSSindent.png */; };
		2711B45B1D951F8800BB1363 /* ZSSindent@2x.png in Resources */ = {isa = PBXBuildFile; fileRef = 2711B40C1D951F8800BB1363 /* ZSSindent@2x.png */; };
		2711B45C1D951F8800BB1363 /* ZSSinsertkeyword.png in Resources */ = {isa = PBXBuildFile; fileRef = 2711B40D1D951F8800BB1363 /* ZSSinsertkeyword.png */; };
		2711B45D1D951F8800BB1363 /* ZSSinsertkeyword@2x.png in Resources */ = {isa = PBXBuildFile; fileRef = 2711B40E1D951F8800BB1363 /* ZSSinsertkeyword@2x.png */; };
		2711B45E1D951F8800BB1363 /* ZSSitalic.png in Resources */ = {isa = PBXBuildFile; fileRef = 2711B40F1D951F8800BB1363 /* ZSSitalic.png */; };
		2711B45F1D951F8800BB1363 /* ZSSitalic@2x.png in Resources */ = {isa = PBXBuildFile; fileRef = 2711B4101D951F8800BB1363 /* ZSSitalic@2x.png */; };
		2711B4601D951F8800BB1363 /* ZSSkeyboard.png in Resources */ = {isa = PBXBuildFile; fileRef = 2711B4111D951F8800BB1363 /* ZSSkeyboard.png */; };
		2711B4611D951F8800BB1363 /* ZSSkeyboard@2x.png in Resources */ = {isa = PBXBuildFile; fileRef = 2711B4121D951F8800BB1363 /* ZSSkeyboard@2x.png */; };
		2711B4621D951F8800BB1363 /* ZSSleftjustify.png in Resources */ = {isa = PBXBuildFile; fileRef = 2711B4131D951F8800BB1363 /* ZSSleftjustify.png */; };
		2711B4631D951F8800BB1363 /* ZSSleftjustify@2x.png in Resources */ = {isa = PBXBuildFile; fileRef = 2711B4141D951F8800BB1363 /* ZSSleftjustify@2x.png */; };
		2711B4641D951F8800BB1363 /* ZSSlink.png in Resources */ = {isa = PBXBuildFile; fileRef = 2711B4151D951F8800BB1363 /* ZSSlink.png */; };
		2711B4651D951F8800BB1363 /* ZSSlink@2x.png in Resources */ = {isa = PBXBuildFile; fileRef = 2711B4161D951F8800BB1363 /* ZSSlink@2x.png */; };
		2711B4661D951F8800BB1363 /* ZSSorderedlist.png in Resources */ = {isa = PBXBuildFile; fileRef = 2711B4171D951F8800BB1363 /* ZSSorderedlist.png */; };
		2711B4671D951F8800BB1363 /* ZSSorderedlist@2x.png in Resources */ = {isa = PBXBuildFile; fileRef = 2711B4181D951F8800BB1363 /* ZSSorderedlist@2x.png */; };
		2711B4681D951F8800BB1363 /* ZSSoutdent.png in Resources */ = {isa = PBXBuildFile; fileRef = 2711B4191D951F8800BB1363 /* ZSSoutdent.png */; };
		2711B4691D951F8800BB1363 /* ZSSoutdent@2x.png in Resources */ = {isa = PBXBuildFile; fileRef = 2711B41A1D951F8800BB1363 /* ZSSoutdent@2x.png */; };
		2711B46A1D951F8800BB1363 /* ZSSparagraph.png in Resources */ = {isa = PBXBuildFile; fileRef = 2711B41B1D951F8800BB1363 /* ZSSparagraph.png */; };
		2711B46B1D951F8800BB1363 /* ZSSparagraph@2x.png in Resources */ = {isa = PBXBuildFile; fileRef = 2711B41C1D951F8800BB1363 /* ZSSparagraph@2x.png */; };
		2711B46C1D951F8800BB1363 /* ZSSpicker.png in Resources */ = {isa = PBXBuildFile; fileRef = 2711B41D1D951F8800BB1363 /* ZSSpicker.png */; };
		2711B46D1D951F8800BB1363 /* ZSSpicker@2x.png in Resources */ = {isa = PBXBuildFile; fileRef = 2711B41E1D951F8800BB1363 /* ZSSpicker@2x.png */; };
		2711B46E1D951F8800BB1363 /* ZSSquicklink.png in Resources */ = {isa = PBXBuildFile; fileRef = 2711B41F1D951F8800BB1363 /* ZSSquicklink.png */; };
		2711B46F1D951F8800BB1363 /* ZSSquicklink@2x.png in Resources */ = {isa = PBXBuildFile; fileRef = 2711B4201D951F8800BB1363 /* ZSSquicklink@2x.png */; };
		2711B4701D951F8800BB1363 /* ZSSredo.png in Resources */ = {isa = PBXBuildFile; fileRef = 2711B4211D951F8800BB1363 /* ZSSredo.png */; };
		2711B4711D951F8800BB1363 /* ZSSredo@2x.png in Resources */ = {isa = PBXBuildFile; fileRef = 2711B4221D951F8800BB1363 /* ZSSredo@2x.png */; };
		2711B4721D951F8800BB1363 /* ZSSrightjustify.png in Resources */ = {isa = PBXBuildFile; fileRef = 2711B4231D951F8800BB1363 /* ZSSrightjustify.png */; };
		2711B4731D951F8800BB1363 /* ZSSrightjustify@2x.png in Resources */ = {isa = PBXBuildFile; fileRef = 2711B4241D951F8800BB1363 /* ZSSrightjustify@2x.png */; };
		2711B4741D951F8800BB1363 /* ZSSstrikethrough.png in Resources */ = {isa = PBXBuildFile; fileRef = 2711B4251D951F8800BB1363 /* ZSSstrikethrough.png */; };
		2711B4751D951F8800BB1363 /* ZSSstrikethrough@2x.png in Resources */ = {isa = PBXBuildFile; fileRef = 2711B4261D951F8800BB1363 /* ZSSstrikethrough@2x.png */; };
		2711B4761D951F8800BB1363 /* ZSSsubscript.png in Resources */ = {isa = PBXBuildFile; fileRef = 2711B4271D951F8800BB1363 /* ZSSsubscript.png */; };
		2711B4771D951F8800BB1363 /* ZSSsubscript@2x.png in Resources */ = {isa = PBXBuildFile; fileRef = 2711B4281D951F8800BB1363 /* ZSSsubscript@2x.png */; };
		2711B4781D951F8800BB1363 /* ZSSsuperscript.png in Resources */ = {isa = PBXBuildFile; fileRef = 2711B4291D951F8800BB1363 /* ZSSsuperscript.png */; };
		2711B4791D951F8800BB1363 /* ZSSsuperscript@2x.png in Resources */ = {isa = PBXBuildFile; fileRef = 2711B42A1D951F8800BB1363 /* ZSSsuperscript@2x.png */; };
		2711B47A1D951F8800BB1363 /* ZSStable.png in Resources */ = {isa = PBXBuildFile; fileRef = 2711B42B1D951F8800BB1363 /* ZSStable.png */; };
		2711B47B1D951F8800BB1363 /* ZSStable@2x.png in Resources */ = {isa = PBXBuildFile; fileRef = 2711B42C1D951F8800BB1363 /* ZSStable@2x.png */; };
		2711B47C1D951F8800BB1363 /* ZSStextcolor.png in Resources */ = {isa = PBXBuildFile; fileRef = 2711B42D1D951F8800BB1363 /* ZSStextcolor.png */; };
		2711B47D1D951F8800BB1363 /* ZSStextcolor@2x.png in Resources */ = {isa = PBXBuildFile; fileRef = 2711B42E1D951F8800BB1363 /* ZSStextcolor@2x.png */; };
		2711B47E1D951F8800BB1363 /* ZSSunderline.png in Resources */ = {isa = PBXBuildFile; fileRef = 2711B42F1D951F8800BB1363 /* ZSSunderline.png */; };
		2711B47F1D951F8800BB1363 /* ZSSunderline@2x.png in Resources */ = {isa = PBXBuildFile; fileRef = 2711B4301D951F8800BB1363 /* ZSSunderline@2x.png */; };
		2711B4801D951F8800BB1363 /* ZSSundo.png in Resources */ = {isa = PBXBuildFile; fileRef = 2711B4311D951F8800BB1363 /* ZSSundo.png */; };
		2711B4811D951F8800BB1363 /* ZSSundo@2x.png in Resources */ = {isa = PBXBuildFile; fileRef = 2711B4321D951F8800BB1363 /* ZSSundo@2x.png */; };
		2711B4821D951F8800BB1363 /* ZSSunlink.png in Resources */ = {isa = PBXBuildFile; fileRef = 2711B4331D951F8800BB1363 /* ZSSunlink.png */; };
		2711B4831D951F8800BB1363 /* ZSSunlink@2x.png in Resources */ = {isa = PBXBuildFile; fileRef = 2711B4341D951F8800BB1363 /* ZSSunlink@2x.png */; };
		2711B4841D951F8800BB1363 /* ZSSunorderedlist.png in Resources */ = {isa = PBXBuildFile; fileRef = 2711B4351D951F8800BB1363 /* ZSSunorderedlist.png */; };
		2711B4851D951F8800BB1363 /* ZSSunorderedlist@2x.png in Resources */ = {isa = PBXBuildFile; fileRef = 2711B4361D951F8800BB1363 /* ZSSunorderedlist@2x.png */; };
		2711B4861D951F8800BB1363 /* ZSSviewsource.png in Resources */ = {isa = PBXBuildFile; fileRef = 2711B4371D951F8800BB1363 /* ZSSviewsource.png */; };
		2711B4871D951F8800BB1363 /* ZSSviewsource@2x.png in Resources */ = {isa = PBXBuildFile; fileRef = 2711B4381D951F8800BB1363 /* ZSSviewsource@2x.png */; };
		2711B4881D951F8800BB1363 /* jQuery.js in Resources */ = {isa = PBXBuildFile; fileRef = 2711B4391D951F8800BB1363 /* jQuery.js */; };
		2711B4891D951F8800BB1363 /* JSBeautifier.js in Resources */ = {isa = PBXBuildFile; fileRef = 2711B43A1D951F8800BB1363 /* JSBeautifier.js */; };
		2724BE261DCC74C1001812E6 /* LLClipTextInputViewController.mm in Sources */ = {isa = PBXBuildFile; fileRef = 2724BE251DCC74C1001812E6 /* LLClipTextInputViewController.mm */; };
		2753BECD1D891AD900BFED52 /* LLTextHandleView.swift in Sources */ = {isa = PBXBuildFile; fileRef = 2753BECC1D891AD900BFED52 /* LLTextHandleView.swift */; };
		2789D89D1D86254100B283A7 /* AppDelegate.swift in Sources */ = {isa = PBXBuildFile; fileRef = 2789D89C1D86254100B283A7 /* AppDelegate.swift */; };
		2789D89F1D86254100B283A7 /* ViewController.swift in Sources */ = {isa = PBXBuildFile; fileRef = 2789D89E1D86254100B283A7 /* ViewController.swift */; };
		2789D8A21D86254100B283A7 /* Main.storyboard in Resources */ = {isa = PBXBuildFile; fileRef = 2789D8A01D86254100B283A7 /* Main.storyboard */; };
		2789D8A41D86254100B283A7 /* Assets.xcassets in Resources */ = {isa = PBXBuildFile; fileRef = 2789D8A31D86254100B283A7 /* Assets.xcassets */; };
		2789D8A71D86254100B283A7 /* LaunchScreen.storyboard in Resources */ = {isa = PBXBuildFile; fileRef = 2789D8A51D86254100B283A7 /* LaunchScreen.storyboard */; };
		2789D8B21D86268C00B283A7 /* LLClipViewController.m in Sources */ = {isa = PBXBuildFile; fileRef = 2789D8B11D86268C00B283A7 /* LLClipViewController.m */; };
		2789D8B51D8626F200B283A7 /* LLClipItem.m in Sources */ = {isa = PBXBuildFile; fileRef = 2789D8B41D8626F200B283A7 /* LLClipItem.m */; };
		2789D8B81D86270300B283A7 /* LLClip.m in Sources */ = {isa = PBXBuildFile; fileRef = 2789D8B71D86270300B283A7 /* LLClip.m */; };
		2789D8BA1D8627D400B283A7 /* LLClipViewController.xib in Resources */ = {isa = PBXBuildFile; fileRef = 2789D8B91D8627D400B283A7 /* LLClipViewController.xib */; };
		2789D8BE1D862E2B00B283A7 /* LLClipViewController~iphone.xib in Resources */ = {isa = PBXBuildFile; fileRef = 2789D8BD1D862E2B00B283A7 /* LLClipViewController~iphone.xib */; };
		2789D8C11D8640E500B283A7 /* LLClipMultiTextInputViewController.swift in Sources */ = {isa = PBXBuildFile; fileRef = 2789D8BF1D8640E500B283A7 /* LLClipMultiTextInputViewController.swift */; };
		2789D8C21D8640E500B283A7 /* LLClipMultiTextInputViewController.xib in Resources */ = {isa = PBXBuildFile; fileRef = 2789D8C01D8640E500B283A7 /* LLClipMultiTextInputViewController.xib */; };
		2789D8C51D86426200B283A7 /* LLBorderedButton.m in Sources */ = {isa = PBXBuildFile; fileRef = 2789D8C41D86426200B283A7 /* LLBorderedButton.m */; };
		2789D8C81D86494800B283A7 /* Localizable.strings in Resources */ = {isa = PBXBuildFile; fileRef = 2789D8CA1D86494800B283A7 /* Localizable.strings */; };
		2789D8D11D8674B400B283A7 /* LLFullScreenPlayView.m in Sources */ = {isa = PBXBuildFile; fileRef = 2789D8D01D8674B400B283A7 /* LLFullScreenPlayView.m */; };
		2789D8D91D867F7E00B283A7 /* NewDrawing.png in Resources */ = {isa = PBXBuildFile; fileRef = 2789D8D31D867F7E00B283A7 /* NewDrawing.png */; };
		2789D8DA1D867F7E00B283A7 /* NewDrawing@2x.png in Resources */ = {isa = PBXBuildFile; fileRef = 2789D8D41D867F7E00B283A7 /* NewDrawing@2x.png */; };
		2789D8DB1D867F7E00B283A7 /* WhiteCircleButton_on.png in Resources */ = {isa = PBXBuildFile; fileRef = 2789D8D51D867F7E00B283A7 /* WhiteCircleButton_on.png */; };
		2789D8DC1D867F7E00B283A7 /* WhiteCircleButton_on@2x.png in Resources */ = {isa = PBXBuildFile; fileRef = 2789D8D61D867F7E00B283A7 /* WhiteCircleButton_on@2x.png */; };
		2789D8DD1D867F7E00B283A7 /* WhiteCircleButton.png in Resources */ = {isa = PBXBuildFile; fileRef = 2789D8D71D867F7E00B283A7 /* WhiteCircleButton.png */; };
		2789D8DE1D867F7E00B283A7 /* WhiteCircleButton@2x.png in Resources */ = {isa = PBXBuildFile; fileRef = 2789D8D81D867F7E00B283A7 /* WhiteCircleButton@2x.png */; };
		278DE6171DCFF8A40034468B /* UIColor+Util.swift in Sources */ = {isa = PBXBuildFile; fileRef = 278DE6161DCFF8A40034468B /* UIColor+Util.swift */; };
		278DE62D1DD005F00034468B /* MJArrowView.m in Sources */ = {isa = PBXBuildFile; fileRef = 278DE6261DD005F00034468B /* MJArrowView.m */; };
		278DE62E1DD005F00034468B /* MJPopoverContainerViewController.m in Sources */ = {isa = PBXBuildFile; fileRef = 278DE6281DD005F00034468B /* MJPopoverContainerViewController.m */; };
		278DE62F1DD005F00034468B /* MJPopoverController.m in Sources */ = {isa = PBXBuildFile; fileRef = 278DE62A1DD005F00034468B /* MJPopoverController.m */; };
		278DE6301DD005F00034468B /* MJPopoverView.m in Sources */ = {isa = PBXBuildFile; fileRef = 278DE62C1DD005F00034468B /* MJPopoverView.m */; };
		278DE6341DD011370034468B /* LLClipMultiTextInputViewController~iphone.xib in Resources */ = {isa = PBXBuildFile; fileRef = 278DE6331DD011370034468B /* LLClipMultiTextInputViewController~iphone.xib */; };
		278DE6371DD013780034468B /* TextButtonIcon.png in Resources */ = {isa = PBXBuildFile; fileRef = 278DE6351DD013780034468B /* TextButtonIcon.png */; };
		278DE6381DD013780034468B /* TextButtonIcon@2x.png in Resources */ = {isa = PBXBuildFile; fileRef = 278DE6361DD013780034468B /* TextButtonIcon@2x.png */; };
		278DE63B1DD013910034468B /* LLButton.m in Sources */ = {isa = PBXBuildFile; fileRef = 278DE63A1DD013910034468B /* LLButton.m */; };
		278DE6401DD013FD0034468B /* moji_on.png in Resources */ = {isa = PBXBuildFile; fileRef = 278DE63C1DD013FD0034468B /* moji_on.png */; };
		278DE6411DD013FD0034468B /* moji_on@2x.png in Resources */ = {isa = PBXBuildFile; fileRef = 278DE63D1DD013FD0034468B /* moji_on@2x.png */; };
		278DE6421DD013FD0034468B /* moji.png in Resources */ = {isa = PBXBuildFile; fileRef = 278DE63E1DD013FD0034468B /* moji.png */; };
		278DE6431DD013FD0034468B /* moji@2x.png in Resources */ = {isa = PBXBuildFile; fileRef = 278DE63F1DD013FD0034468B /* moji@2x.png */; };
		27AC94B91DC9E80D007C8D56 /* ZSSfontSize.png in Resources */ = {isa = PBXBuildFile; fileRef = 27AC94B71DC9E80D007C8D56 /* ZSSfontSize.png */; };
		27AC94BA1DC9E80D007C8D56 /* ZSSfontSize@2x.png in Resources */ = {isa = PBXBuildFile; fileRef = 27AC94B81DC9E80D007C8D56 /* ZSSfontSize@2x.png */; };
/* End PBXBuildFile section */

/* Begin PBXFileReference section */
		2711B3BB1D95007C00BB1363 /* CYRLayoutManager.h */ = {isa = PBXFileReference; fileEncoding = 4; lastKnownFileType = sourcecode.c.h; path = CYRLayoutManager.h; sourceTree = "<group>"; };
		2711B3BC1D95007C00BB1363 /* CYRLayoutManager.m */ = {isa = PBXFileReference; fileEncoding = 4; lastKnownFileType = sourcecode.c.objc; path = CYRLayoutManager.m; sourceTree = "<group>"; };
		2711B3BD1D95007C00BB1363 /* CYRTextStorage.h */ = {isa = PBXFileReference; fileEncoding = 4; lastKnownFileType = sourcecode.c.h; path = CYRTextStorage.h; sourceTree = "<group>"; };
		2711B3BE1D95007C00BB1363 /* CYRTextStorage.m */ = {isa = PBXFileReference; fileEncoding = 4; lastKnownFileType = sourcecode.c.objc; path = CYRTextStorage.m; sourceTree = "<group>"; };
		2711B3BF1D95007C00BB1363 /* CYRTextView.h */ = {isa = PBXFileReference; fileEncoding = 4; lastKnownFileType = sourcecode.c.h; path = CYRTextView.h; sourceTree = "<group>"; };
		2711B3C01D95007C00BB1363 /* CYRTextView.m */ = {isa = PBXFileReference; fileEncoding = 4; lastKnownFileType = sourcecode.c.objc; path = CYRTextView.m; sourceTree = "<group>"; };
		2711B3C11D95007C00BB1363 /* CYRToken.h */ = {isa = PBXFileReference; fileEncoding = 4; lastKnownFileType = sourcecode.c.h; path = CYRToken.h; sourceTree = "<group>"; };
		2711B3C21D95007C00BB1363 /* CYRToken.m */ = {isa = PBXFileReference; fileEncoding = 4; lastKnownFileType = sourcecode.c.objc; path = CYRToken.m; sourceTree = "<group>"; };
		2711B3CE1D95007C00BB1363 /* HRColorUtil.h */ = {isa = PBXFileReference; fileEncoding = 4; lastKnownFileType = sourcecode.c.h; path = HRColorUtil.h; sourceTree = "<group>"; };
		2711B3CF1D95007C00BB1363 /* HRColorUtil.m */ = {isa = PBXFileReference; fileEncoding = 4; lastKnownFileType = sourcecode.c.objc; path = HRColorUtil.m; sourceTree = "<group>"; };
		2711B3D01D95007C00BB1363 /* ZSSBarButtonItem.h */ = {isa = PBXFileReference; fileEncoding = 4; lastKnownFileType = sourcecode.c.h; path = ZSSBarButtonItem.h; sourceTree = "<group>"; };
		2711B3D11D95007C00BB1363 /* ZSSBarButtonItem.m */ = {isa = PBXFileReference; fileEncoding = 4; lastKnownFileType = sourcecode.c.objc; path = ZSSBarButtonItem.m; sourceTree = "<group>"; };
		2711B3D21D95007C00BB1363 /* ZSSFontsViewController.h */ = {isa = PBXFileReference; fileEncoding = 4; lastKnownFileType = sourcecode.c.h; path = ZSSFontsViewController.h; sourceTree = "<group>"; };
		2711B3D31D95007C00BB1363 /* ZSSFontsViewController.m */ = {isa = PBXFileReference; fileEncoding = 4; lastKnownFileType = sourcecode.c.objc; path = ZSSFontsViewController.m; sourceTree = "<group>"; };
		2711B3D41D95007C00BB1363 /* ZSSRichTextEditor.h */ = {isa = PBXFileReference; fileEncoding = 4; lastKnownFileType = sourcecode.c.h; path = ZSSRichTextEditor.h; sourceTree = "<group>"; };
		2711B3D51D95007C00BB1363 /* ZSSRichTextEditor.js */ = {isa = PBXFileReference; fileEncoding = 4; lastKnownFileType = sourcecode.javascript; path = ZSSRichTextEditor.js; sourceTree = "<group>"; };
		2711B3D61D95007C00BB1363 /* ZSSRichTextEditor.m */ = {isa = PBXFileReference; fileEncoding = 4; lastKnownFileType = sourcecode.c.objc; path = ZSSRichTextEditor.m; sourceTree = "<group>"; };
		2711B3D71D95007C00BB1363 /* ZSSTextView.h */ = {isa = PBXFileReference; fileEncoding = 4; lastKnownFileType = sourcecode.c.h; path = ZSSTextView.h; sourceTree = "<group>"; };
		2711B3D81D95007C00BB1363 /* ZSSTextView.m */ = {isa = PBXFileReference; fileEncoding = 4; lastKnownFileType = sourcecode.c.objc; path = ZSSTextView.m; sourceTree = "<group>"; };
		2711B3E81D950EF200BB1363 /* LLUtility.h */ = {isa = PBXFileReference; fileEncoding = 4; lastKnownFileType = sourcecode.c.h; name = LLUtility.h; path = Base/LLUtility.h; sourceTree = "<group>"; };
		2711B3E91D950EF200BB1363 /* LLUtility.m */ = {isa = PBXFileReference; fileEncoding = 4; lastKnownFileType = sourcecode.c.objc; name = LLUtility.m; path = Base/LLUtility.m; sourceTree = "<group>"; };
		2711B3EB1D951F8800BB1363 /* editor.html */ = {isa = PBXFileReference; fileEncoding = 4; lastKnownFileType = text.html; path = editor.html; sourceTree = "<group>"; };
		2711B3ED1D951F8800BB1363 /* ZSSbgcolor.png */ = {isa = PBXFileReference; lastKnownFileType = image.png; path = ZSSbgcolor.png; sourceTree = "<group>"; };
		2711B3EE1D951F8800BB1363 /* ZSSbgcolor@2x.png */ = {isa = PBXFileReference; lastKnownFileType = image.png; path = "ZSSbgcolor@2x.png"; sourceTree = "<group>"; };
		2711B3EF1D951F8800BB1363 /* ZSSbold.png */ = {isa = PBXFileReference; lastKnownFileType = image.png; path = ZSSbold.png; sourceTree = "<group>"; };
		2711B3F01D951F8800BB1363 /* ZSSbold@2x.png */ = {isa = PBXFileReference; lastKnownFileType = image.png; path = "ZSSbold@2x.png"; sourceTree = "<group>"; };
		2711B3F11D951F8800BB1363 /* ZSScenterjustify.png */ = {isa = PBXFileReference; lastKnownFileType = image.png; path = ZSScenterjustify.png; sourceTree = "<group>"; };
		2711B3F21D951F8800BB1363 /* ZSScenterjustify@2x.png */ = {isa = PBXFileReference; lastKnownFileType = image.png; path = "ZSScenterjustify@2x.png"; sourceTree = "<group>"; };
		2711B3F31D951F8800BB1363 /* ZSSclearstyle.png */ = {isa = PBXFileReference; lastKnownFileType = image.png; path = ZSSclearstyle.png; sourceTree = "<group>"; };
		2711B3F41D951F8800BB1363 /* ZSSclearstyle@2x.png */ = {isa = PBXFileReference; lastKnownFileType = image.png; path = "ZSSclearstyle@2x.png"; sourceTree = "<group>"; };
		2711B3F51D951F8800BB1363 /* ZSSfonts.png */ = {isa = PBXFileReference; lastKnownFileType = image.png; path = ZSSfonts.png; sourceTree = "<group>"; };
		2711B3F61D951F8800BB1363 /* ZSSfonts@2x.png */ = {isa = PBXFileReference; lastKnownFileType = image.png; path = "ZSSfonts@2x.png"; sourceTree = "<group>"; };
		2711B3F71D951F8800BB1363 /* ZSSforcejustify.png */ = {isa = PBXFileReference; lastKnownFileType = image.png; path = ZSSforcejustify.png; sourceTree = "<group>"; };
		2711B3F81D951F8800BB1363 /* ZSSforcejustify@2x.png */ = {isa = PBXFileReference; lastKnownFileType = image.png; path = "ZSSforcejustify@2x.png"; sourceTree = "<group>"; };
		2711B3F91D951F8800BB1363 /* ZSSh1.png */ = {isa = PBXFileReference; lastKnownFileType = image.png; path = ZSSh1.png; sourceTree = "<group>"; };
		2711B3FA1D951F8800BB1363 /* ZSSh1@2x.png */ = {isa = PBXFileReference; lastKnownFileType = image.png; path = "ZSSh1@2x.png"; sourceTree = "<group>"; };
		2711B3FB1D951F8800BB1363 /* ZSSh2.png */ = {isa = PBXFileReference; lastKnownFileType = image.png; path = ZSSh2.png; sourceTree = "<group>"; };
		2711B3FC1D951F8800BB1363 /* ZSSh2@2x.png */ = {isa = PBXFileReference; lastKnownFileType = image.png; path = "ZSSh2@2x.png"; sourceTree = "<group>"; };
		2711B3FD1D951F8800BB1363 /* ZSSh3.png */ = {isa = PBXFileReference; lastKnownFileType = image.png; path = ZSSh3.png; sourceTree = "<group>"; };
		2711B3FE1D951F8800BB1363 /* ZSSh3@2x.png */ = {isa = PBXFileReference; lastKnownFileType = image.png; path = "ZSSh3@2x.png"; sourceTree = "<group>"; };
		2711B3FF1D951F8800BB1363 /* ZSSh4.png */ = {isa = PBXFileReference; lastKnownFileType = image.png; path = ZSSh4.png; sourceTree = "<group>"; };
		2711B4001D951F8800BB1363 /* ZSSh4@2x.png */ = {isa = PBXFileReference; lastKnownFileType = image.png; path = "ZSSh4@2x.png"; sourceTree = "<group>"; };
		2711B4011D951F8800BB1363 /* ZSSh5.png */ = {isa = PBXFileReference; lastKnownFileType = image.png; path = ZSSh5.png; sourceTree = "<group>"; };
		2711B4021D951F8800BB1363 /* ZSSh5@2x.png */ = {isa = PBXFileReference; lastKnownFileType = image.png; path = "ZSSh5@2x.png"; sourceTree = "<group>"; };
		2711B4031D951F8800BB1363 /* ZSSh6.png */ = {isa = PBXFileReference; lastKnownFileType = image.png; path = ZSSh6.png; sourceTree = "<group>"; };
		2711B4041D951F8800BB1363 /* ZSSh6@2x.png */ = {isa = PBXFileReference; lastKnownFileType = image.png; path = "ZSSh6@2x.png"; sourceTree = "<group>"; };
		2711B4051D951F8800BB1363 /* ZSShorizontalrule.png */ = {isa = PBXFileReference; lastKnownFileType = image.png; path = ZSShorizontalrule.png; sourceTree = "<group>"; };
		2711B4061D951F8800BB1363 /* ZSShorizontalrule@2x.png */ = {isa = PBXFileReference; lastKnownFileType = image.png; path = "ZSShorizontalrule@2x.png"; sourceTree = "<group>"; };
		2711B4071D951F8800BB1363 /* ZSSimage.png */ = {isa = PBXFileReference; lastKnownFileType = image.png; path = ZSSimage.png; sourceTree = "<group>"; };
		2711B4081D951F8800BB1363 /* ZSSimage@2x.png */ = {isa = PBXFileReference; lastKnownFileType = image.png; path = "ZSSimage@2x.png"; sourceTree = "<group>"; };
		2711B4091D951F8800BB1363 /* ZSSimageDevice.png */ = {isa = PBXFileReference; lastKnownFileType = image.png; path = ZSSimageDevice.png; sourceTree = "<group>"; };
		2711B40A1D951F8800BB1363 /* ZSSimageDevice@2x.png */ = {isa = PBXFileReference; lastKnownFileType = image.png; path = "ZSSimageDevice@2x.png"; sourceTree = "<group>"; };
		2711B40B1D951F8800BB1363 /* ZSSindent.png */ = {isa = PBXFileReference; lastKnownFileType = image.png; path = ZSSindent.png; sourceTree = "<group>"; };
		2711B40C1D951F8800BB1363 /* ZSSindent@2x.png */ = {isa = PBXFileReference; lastKnownFileType = image.png; path = "ZSSindent@2x.png"; sourceTree = "<group>"; };
		2711B40D1D951F8800BB1363 /* ZSSinsertkeyword.png */ = {isa = PBXFileReference; lastKnownFileType = image.png; path = ZSSinsertkeyword.png; sourceTree = "<group>"; };
		2711B40E1D951F8800BB1363 /* ZSSinsertkeyword@2x.png */ = {isa = PBXFileReference; lastKnownFileType = image.png; path = "ZSSinsertkeyword@2x.png"; sourceTree = "<group>"; };
		2711B40F1D951F8800BB1363 /* ZSSitalic.png */ = {isa = PBXFileReference; lastKnownFileType = image.png; path = ZSSitalic.png; sourceTree = "<group>"; };
		2711B4101D951F8800BB1363 /* ZSSitalic@2x.png */ = {isa = PBXFileReference; lastKnownFileType = image.png; path = "ZSSitalic@2x.png"; sourceTree = "<group>"; };
		2711B4111D951F8800BB1363 /* ZSSkeyboard.png */ = {isa = PBXFileReference; lastKnownFileType = image.png; path = ZSSkeyboard.png; sourceTree = "<group>"; };
		2711B4121D951F8800BB1363 /* ZSSkeyboard@2x.png */ = {isa = PBXFileReference; lastKnownFileType = image.png; path = "ZSSkeyboard@2x.png"; sourceTree = "<group>"; };
		2711B4131D951F8800BB1363 /* ZSSleftjustify.png */ = {isa = PBXFileReference; lastKnownFileType = image.png; path = ZSSleftjustify.png; sourceTree = "<group>"; };
		2711B4141D951F8800BB1363 /* ZSSleftjustify@2x.png */ = {isa = PBXFileReference; lastKnownFileType = image.png; path = "ZSSleftjustify@2x.png"; sourceTree = "<group>"; };
		2711B4151D951F8800BB1363 /* ZSSlink.png */ = {isa = PBXFileReference; lastKnownFileType = image.png; path = ZSSlink.png; sourceTree = "<group>"; };
		2711B4161D951F8800BB1363 /* ZSSlink@2x.png */ = {isa = PBXFileReference; lastKnownFileType = image.png; path = "ZSSlink@2x.png"; sourceTree = "<group>"; };
		2711B4171D951F8800BB1363 /* ZSSorderedlist.png */ = {isa = PBXFileReference; lastKnownFileType = image.png; path = ZSSorderedlist.png; sourceTree = "<group>"; };
		2711B4181D951F8800BB1363 /* ZSSorderedlist@2x.png */ = {isa = PBXFileReference; lastKnownFileType = image.png; path = "ZSSorderedlist@2x.png"; sourceTree = "<group>"; };
		2711B4191D951F8800BB1363 /* ZSSoutdent.png */ = {isa = PBXFileReference; lastKnownFileType = image.png; path = ZSSoutdent.png; sourceTree = "<group>"; };
		2711B41A1D951F8800BB1363 /* ZSSoutdent@2x.png */ = {isa = PBXFileReference; lastKnownFileType = image.png; path = "ZSSoutdent@2x.png"; sourceTree = "<group>"; };
		2711B41B1D951F8800BB1363 /* ZSSparagraph.png */ = {isa = PBXFileReference; lastKnownFileType = image.png; path = ZSSparagraph.png; sourceTree = "<group>"; };
		2711B41C1D951F8800BB1363 /* ZSSparagraph@2x.png */ = {isa = PBXFileReference; lastKnownFileType = image.png; path = "ZSSparagraph@2x.png"; sourceTree = "<group>"; };
		2711B41D1D951F8800BB1363 /* ZSSpicker.png */ = {isa = PBXFileReference; lastKnownFileType = image.png; path = ZSSpicker.png; sourceTree = "<group>"; };
		2711B41E1D951F8800BB1363 /* ZSSpicker@2x.png */ = {isa = PBXFileReference; lastKnownFileType = image.png; path = "ZSSpicker@2x.png"; sourceTree = "<group>"; };
		2711B41F1D951F8800BB1363 /* ZSSquicklink.png */ = {isa = PBXFileReference; lastKnownFileType = image.png; path = ZSSquicklink.png; sourceTree = "<group>"; };
		2711B4201D951F8800BB1363 /* ZSSquicklink@2x.png */ = {isa = PBXFileReference; lastKnownFileType = image.png; path = "ZSSquicklink@2x.png"; sourceTree = "<group>"; };
		2711B4211D951F8800BB1363 /* ZSSredo.png */ = {isa = PBXFileReference; lastKnownFileType = image.png; path = ZSSredo.png; sourceTree = "<group>"; };
		2711B4221D951F8800BB1363 /* ZSSredo@2x.png */ = {isa = PBXFileReference; lastKnownFileType = image.png; path = "ZSSredo@2x.png"; sourceTree = "<group>"; };
		2711B4231D951F8800BB1363 /* ZSSrightjustify.png */ = {isa = PBXFileReference; lastKnownFileType = image.png; path = ZSSrightjustify.png; sourceTree = "<group>"; };
		2711B4241D951F8800BB1363 /* ZSSrightjustify@2x.png */ = {isa = PBXFileReference; lastKnownFileType = image.png; path = "ZSSrightjustify@2x.png"; sourceTree = "<group>"; };
		2711B4251D951F8800BB1363 /* ZSSstrikethrough.png */ = {isa = PBXFileReference; lastKnownFileType = image.png; path = ZSSstrikethrough.png; sourceTree = "<group>"; };
		2711B4261D951F8800BB1363 /* ZSSstrikethrough@2x.png */ = {isa = PBXFileReference; lastKnownFileType = image.png; path = "ZSSstrikethrough@2x.png"; sourceTree = "<group>"; };
		2711B4271D951F8800BB1363 /* ZSSsubscript.png */ = {isa = PBXFileReference; lastKnownFileType = image.png; path = ZSSsubscript.png; sourceTree = "<group>"; };
		2711B4281D951F8800BB1363 /* ZSSsubscript@2x.png */ = {isa = PBXFileReference; lastKnownFileType = image.png; path = "ZSSsubscript@2x.png"; sourceTree = "<group>"; };
		2711B4291D951F8800BB1363 /* ZSSsuperscript.png */ = {isa = PBXFileReference; lastKnownFileType = image.png; path = ZSSsuperscript.png; sourceTree = "<group>"; };
		2711B42A1D951F8800BB1363 /* ZSSsuperscript@2x.png */ = {isa = PBXFileReference; lastKnownFileType = image.png; path = "ZSSsuperscript@2x.png"; sourceTree = "<group>"; };
		2711B42B1D951F8800BB1363 /* ZSStable.png */ = {isa = PBXFileReference; lastKnownFileType = image.png; path = ZSStable.png; sourceTree = "<group>"; };
		2711B42C1D951F8800BB1363 /* ZSStable@2x.png */ = {isa = PBXFileReference; lastKnownFileType = image.png; path = "ZSStable@2x.png"; sourceTree = "<group>"; };
		2711B42D1D951F8800BB1363 /* ZSStextcolor.png */ = {isa = PBXFileReference; lastKnownFileType = image.png; path = ZSStextcolor.png; sourceTree = "<group>"; };
		2711B42E1D951F8800BB1363 /* ZSStextcolor@2x.png */ = {isa = PBXFileReference; lastKnownFileType = image.png; path = "ZSStextcolor@2x.png"; sourceTree = "<group>"; };
		2711B42F1D951F8800BB1363 /* ZSSunderline.png */ = {isa = PBXFileReference; lastKnownFileType = image.png; path = ZSSunderline.png; sourceTree = "<group>"; };
		2711B4301D951F8800BB1363 /* ZSSunderline@2x.png */ = {isa = PBXFileReference; lastKnownFileType = image.png; path = "ZSSunderline@2x.png"; sourceTree = "<group>"; };
		2711B4311D951F8800BB1363 /* ZSSundo.png */ = {isa = PBXFileReference; lastKnownFileType = image.png; path = ZSSundo.png; sourceTree = "<group>"; };
		2711B4321D951F8800BB1363 /* ZSSundo@2x.png */ = {isa = PBXFileReference; lastKnownFileType = image.png; path = "ZSSundo@2x.png"; sourceTree = "<group>"; };
		2711B4331D951F8800BB1363 /* ZSSunlink.png */ = {isa = PBXFileReference; lastKnownFileType = image.png; path = ZSSunlink.png; sourceTree = "<group>"; };
		2711B4341D951F8800BB1363 /* ZSSunlink@2x.png */ = {isa = PBXFileReference; lastKnownFileType = image.png; path = "ZSSunlink@2x.png"; sourceTree = "<group>"; };
		2711B4351D951F8800BB1363 /* ZSSunorderedlist.png */ = {isa = PBXFileReference; lastKnownFileType = image.png; path = ZSSunorderedlist.png; sourceTree = "<group>"; };
		2711B4361D951F8800BB1363 /* ZSSunorderedlist@2x.png */ = {isa = PBXFileReference; lastKnownFileType = image.png; path = "ZSSunorderedlist@2x.png"; sourceTree = "<group>"; };
		2711B4371D951F8800BB1363 /* ZSSviewsource.png */ = {isa = PBXFileReference; lastKnownFileType = image.png; path = ZSSviewsource.png; sourceTree = "<group>"; };
		2711B4381D951F8800BB1363 /* ZSSviewsource@2x.png */ = {isa = PBXFileReference; lastKnownFileType = image.png; path = "ZSSviewsource@2x.png"; sourceTree = "<group>"; };
		2711B4391D951F8800BB1363 /* jQuery.js */ = {isa = PBXFileReference; fileEncoding = 4; lastKnownFileType = sourcecode.javascript; path = jQuery.js; sourceTree = "<group>"; };
		2711B43A1D951F8800BB1363 /* JSBeautifier.js */ = {isa = PBXFileReference; fileEncoding = 4; lastKnownFileType = sourcecode.javascript; path = JSBeautifier.js; sourceTree = "<group>"; };
		2724BE241DCC74C1001812E6 /* LLClipTextInputViewController.h */ = {isa = PBXFileReference; fileEncoding = 4; lastKnownFileType = sourcecode.c.h; name = LLClipTextInputViewController.h; path = Base/LLClipTextInputViewController.h; sourceTree = "<group>"; };
		2724BE251DCC74C1001812E6 /* LLClipTextInputViewController.mm */ = {isa = PBXFileReference; fileEncoding = 4; lastKnownFileType = sourcecode.cpp.objcpp; name = LLClipTextInputViewController.mm; path = Base/LLClipTextInputViewController.mm; sourceTree = "<group>"; };
		2753BECC1D891AD900BFED52 /* LLTextHandleView.swift */ = {isa = PBXFileReference; fileEncoding = 4; lastKnownFileType = sourcecode.swift; path = LLTextHandleView.swift; sourceTree = "<group>"; };
		2789D8991D86254100B283A7 /* MultiTextView.app */ = {isa = PBXFileReference; explicitFileType = wrapper.application; includeInIndex = 0; path = MultiTextView.app; sourceTree = BUILT_PRODUCTS_DIR; };
		2789D89C1D86254100B283A7 /* AppDelegate.swift */ = {isa = PBXFileReference; lastKnownFileType = sourcecode.swift; path = AppDelegate.swift; sourceTree = "<group>"; };
		2789D89E1D86254100B283A7 /* ViewController.swift */ = {isa = PBXFileReference; lastKnownFileType = sourcecode.swift; path = ViewController.swift; sourceTree = "<group>"; };
		2789D8A11D86254100B283A7 /* Base */ = {isa = PBXFileReference; lastKnownFileType = file.storyboard; name = Base; path = Base.lproj/Main.storyboard; sourceTree = "<group>"; };
		2789D8A31D86254100B283A7 /* Assets.xcassets */ = {isa = PBXFileReference; lastKnownFileType = folder.assetcatalog; path = Assets.xcassets; sourceTree = "<group>"; };
		2789D8A61D86254100B283A7 /* Base */ = {isa = PBXFileReference; lastKnownFileType = file.storyboard; name = Base; path = Base.lproj/LaunchScreen.storyboard; sourceTree = "<group>"; };
		2789D8A81D86254100B283A7 /* Info.plist */ = {isa = PBXFileReference; lastKnownFileType = text.plist.xml; path = Info.plist; sourceTree = "<group>"; };
		2789D8AF1D86268C00B283A7 /* MultiTextView-Bridging-Header.h */ = {isa = PBXFileReference; lastKnownFileType = sourcecode.c.h; path = "MultiTextView-Bridging-Header.h"; sourceTree = "<group>"; };
		2789D8B01D86268C00B283A7 /* LLClipViewController.h */ = {isa = PBXFileReference; fileEncoding = 4; lastKnownFileType = sourcecode.c.h; name = LLClipViewController.h; path = Base/LLClipViewController.h; sourceTree = "<group>"; };
		2789D8B11D86268C00B283A7 /* LLClipViewController.m */ = {isa = PBXFileReference; fileEncoding = 4; lastKnownFileType = sourcecode.c.objc; name = LLClipViewController.m; path = Base/LLClipViewController.m; sourceTree = "<group>"; };
		2789D8B31D8626F200B283A7 /* LLClipItem.h */ = {isa = PBXFileReference; fileEncoding = 4; lastKnownFileType = sourcecode.c.h; name = LLClipItem.h; path = Base/LLClipItem.h; sourceTree = "<group>"; };
		2789D8B41D8626F200B283A7 /* LLClipItem.m */ = {isa = PBXFileReference; fileEncoding = 4; lastKnownFileType = sourcecode.c.objc; name = LLClipItem.m; path = Base/LLClipItem.m; sourceTree = "<group>"; };
		2789D8B61D86270300B283A7 /* LLClip.h */ = {isa = PBXFileReference; fileEncoding = 4; lastKnownFileType = sourcecode.c.h; name = LLClip.h; path = Base/LLClip.h; sourceTree = "<group>"; };
		2789D8B71D86270300B283A7 /* LLClip.m */ = {isa = PBXFileReference; fileEncoding = 4; lastKnownFileType = sourcecode.c.objc; name = LLClip.m; path = Base/LLClip.m; sourceTree = "<group>"; };
		2789D8B91D8627D400B283A7 /* LLClipViewController.xib */ = {isa = PBXFileReference; fileEncoding = 4; lastKnownFileType = file.xib; name = LLClipViewController.xib; path = Base/LLClipViewController.xib; sourceTree = "<group>"; };
		2789D8BD1D862E2B00B283A7 /* LLClipViewController~iphone.xib */ = {isa = PBXFileReference; fileEncoding = 4; lastKnownFileType = file.xib; name = "LLClipViewController~iphone.xib"; path = "Base/LLClipViewController~iphone.xib"; sourceTree = "<group>"; };
		2789D8BF1D8640E500B283A7 /* LLClipMultiTextInputViewController.swift */ = {isa = PBXFileReference; fileEncoding = 4; lastKnownFileType = sourcecode.swift; path = LLClipMultiTextInputViewController.swift; sourceTree = "<group>"; };
		2789D8C01D8640E500B283A7 /* LLClipMultiTextInputViewController.xib */ = {isa = PBXFileReference; fileEncoding = 4; lastKnownFileType = file.xib; path = LLClipMultiTextInputViewController.xib; sourceTree = "<group>"; };
		2789D8C31D86426200B283A7 /* LLBorderedButton.h */ = {isa = PBXFileReference; fileEncoding = 4; lastKnownFileType = sourcecode.c.h; name = LLBorderedButton.h; path = Base/LLBorderedButton.h; sourceTree = "<group>"; };
		2789D8C41D86426200B283A7 /* LLBorderedButton.m */ = {isa = PBXFileReference; fileEncoding = 4; lastKnownFileType = sourcecode.c.objc; name = LLBorderedButton.m; path = Base/LLBorderedButton.m; sourceTree = "<group>"; };
		2789D8CB1D86494D00B283A7 /* en */ = {isa = PBXFileReference; lastKnownFileType = text.plist.strings; name = en; path = en.lproj/Localizable.strings; sourceTree = "<group>"; };
		2789D8CC1D86498D00B283A7 /* ja */ = {isa = PBXFileReference; lastKnownFileType = text.plist.strings; name = ja; path = ja.lproj/Main.strings; sourceTree = "<group>"; };
		2789D8CD1D86498D00B283A7 /* ja */ = {isa = PBXFileReference; lastKnownFileType = text.plist.strings; name = ja; path = ja.lproj/LaunchScreen.strings; sourceTree = "<group>"; };
		2789D8CE1D86498D00B283A7 /* ja */ = {isa = PBXFileReference; lastKnownFileType = text.plist.strings; name = ja; path = ja.lproj/Localizable.strings; sourceTree = "<group>"; };
		2789D8CF1D8674B400B283A7 /* LLFullScreenPlayView.h */ = {isa = PBXFileReference; fileEncoding = 4; lastKnownFileType = sourcecode.c.h; name = LLFullScreenPlayView.h; path = Base/LLFullScreenPlayView.h; sourceTree = "<group>"; };
		2789D8D01D8674B400B283A7 /* LLFullScreenPlayView.m */ = {isa = PBXFileReference; fileEncoding = 4; lastKnownFileType = sourcecode.c.objc; name = LLFullScreenPlayView.m; path = Base/LLFullScreenPlayView.m; sourceTree = "<group>"; };
		2789D8D31D867F7E00B283A7 /* NewDrawing.png */ = {isa = PBXFileReference; lastKnownFileType = image.png; name = NewDrawing.png; path = images/NewDrawing.png; sourceTree = "<group>"; };
		2789D8D41D867F7E00B283A7 /* NewDrawing@2x.png */ = {isa = PBXFileReference; lastKnownFileType = image.png; name = "NewDrawing@2x.png"; path = "images/NewDrawing@2x.png"; sourceTree = "<group>"; };
		2789D8D51D867F7E00B283A7 /* WhiteCircleButton_on.png */ = {isa = PBXFileReference; lastKnownFileType = image.png; name = WhiteCircleButton_on.png; path = images/WhiteCircleButton_on.png; sourceTree = "<group>"; };
		2789D8D61D867F7E00B283A7 /* WhiteCircleButton_on@2x.png */ = {isa = PBXFileReference; lastKnownFileType = image.png; name = "WhiteCircleButton_on@2x.png"; path = "images/WhiteCircleButton_on@2x.png"; sourceTree = "<group>"; };
		2789D8D71D867F7E00B283A7 /* WhiteCircleButton.png */ = {isa = PBXFileReference; lastKnownFileType = image.png; name = WhiteCircleButton.png; path = images/WhiteCircleButton.png; sourceTree = "<group>"; };
		2789D8D81D867F7E00B283A7 /* WhiteCircleButton@2x.png */ = {isa = PBXFileReference; lastKnownFileType = image.png; name = "WhiteCircleButton@2x.png"; path = "images/WhiteCircleButton@2x.png"; sourceTree = "<group>"; };
		278DE6161DCFF8A40034468B /* UIColor+Util.swift */ = {isa = PBXFileReference; fileEncoding = 4; lastKnownFileType = sourcecode.swift; name = "UIColor+Util.swift"; path = "Base/UIColor+Util.swift"; sourceTree = "<group>"; };
		278DE6251DD005F00034468B /* MJArrowView.h */ = {isa = PBXFileReference; fileEncoding = 4; lastKnownFileType = sourcecode.c.h; name = MJArrowView.h; path = MJPopover/MJArrowView.h; sourceTree = "<group>"; };
		278DE6261DD005F00034468B /* MJArrowView.m */ = {isa = PBXFileReference; fileEncoding = 4; lastKnownFileType = sourcecode.c.objc; name = MJArrowView.m; path = MJPopover/MJArrowView.m; sourceTree = "<group>"; };
		278DE6271DD005F00034468B /* MJPopoverContainerViewController.h */ = {isa = PBXFileReference; fileEncoding = 4; lastKnownFileType = sourcecode.c.h; name = MJPopoverContainerViewController.h; path = MJPopover/MJPopoverContainerViewController.h; sourceTree = "<group>"; };
		278DE6281DD005F00034468B /* MJPopoverContainerViewController.m */ = {isa = PBXFileReference; fileEncoding = 4; lastKnownFileType = sourcecode.c.objc; name = MJPopoverContainerViewController.m; path = MJPopover/MJPopoverContainerViewController.m; sourceTree = "<group>"; };
		278DE6291DD005F00034468B /* MJPopoverController.h */ = {isa = PBXFileReference; fileEncoding = 4; lastKnownFileType = sourcecode.c.h; name = MJPopoverController.h; path = MJPopover/MJPopoverController.h; sourceTree = "<group>"; };
		278DE62A1DD005F00034468B /* MJPopoverController.m */ = {isa = PBXFileReference; fileEncoding = 4; lastKnownFileType = sourcecode.c.objc; name = MJPopoverController.m; path = MJPopover/MJPopoverController.m; sourceTree = "<group>"; };
		278DE62B1DD005F00034468B /* MJPopoverView.h */ = {isa = PBXFileReference; fileEncoding = 4; lastKnownFileType = sourcecode.c.h; name = MJPopoverView.h; path = MJPopover/MJPopoverView.h; sourceTree = "<group>"; };
		278DE62C1DD005F00034468B /* MJPopoverView.m */ = {isa = PBXFileReference; fileEncoding = 4; lastKnownFileType = sourcecode.c.objc; name = MJPopoverView.m; path = MJPopover/MJPopoverView.m; sourceTree = "<group>"; };
		278DE6321DD006C50034468B /* MultiTextView_Prefix.pch */ = {isa = PBXFileReference; lastKnownFileType = sourcecode.c.h; path = MultiTextView_Prefix.pch; sourceTree = "<group>"; };
		278DE6331DD011370034468B /* LLClipMultiTextInputViewController~iphone.xib */ = {isa = PBXFileReference; fileEncoding = 4; lastKnownFileType = file.xib; path = "LLClipMultiTextInputViewController~iphone.xib"; sourceTree = "<group>"; };
		278DE6351DD013780034468B /* TextButtonIcon.png */ = {isa = PBXFileReference; lastKnownFileType = image.png; name = TextButtonIcon.png; path = images/TextButtonIcon.png; sourceTree = "<group>"; };
		278DE6361DD013780034468B /* TextButtonIcon@2x.png */ = {isa = PBXFileReference; lastKnownFileType = image.png; name = "TextButtonIcon@2x.png"; path = "images/TextButtonIcon@2x.png"; sourceTree = "<group>"; };
		278DE6391DD013910034468B /* LLButton.h */ = {isa = PBXFileReference; fileEncoding = 4; lastKnownFileType = sourcecode.c.h; name = LLButton.h; path = Base/LLButton.h; sourceTree = "<group>"; };
		278DE63A1DD013910034468B /* LLButton.m */ = {isa = PBXFileReference; fileEncoding = 4; lastKnownFileType = sourcecode.c.objc; name = LLButton.m; path = Base/LLButton.m; sourceTree = "<group>"; };
		278DE63C1DD013FD0034468B /* moji_on.png */ = {isa = PBXFileReference; lastKnownFileType = image.png; name = moji_on.png; path = images/moji_on.png; sourceTree = "<group>"; };
		278DE63D1DD013FD0034468B /* moji_on@2x.png */ = {isa = PBXFileReference; lastKnownFileType = image.png; name = "moji_on@2x.png"; path = "images/moji_on@2x.png"; sourceTree = "<group>"; };
		278DE63E1DD013FD0034468B /* moji.png */ = {isa = PBXFileReference; lastKnownFileType = image.png; name = moji.png; path = images/moji.png; sourceTree = "<group>"; };
		278DE63F1DD013FD0034468B /* moji@2x.png */ = {isa = PBXFileReference; lastKnownFileType = image.png; name = "moji@2x.png"; path = "images/moji@2x.png"; sourceTree = "<group>"; };
		27AC94B71DC9E80D007C8D56 /* ZSSfontSize.png */ = {isa = PBXFileReference; lastKnownFileType = image.png; path = ZSSfontSize.png; sourceTree = "<group>"; };
		27AC94B81DC9E80D007C8D56 /* ZSSfontSize@2x.png */ = {isa = PBXFileReference; lastKnownFileType = image.png; path = "ZSSfontSize@2x.png"; sourceTree = "<group>"; };
/* End PBXFileReference section */

/* Begin PBXFrameworksBuildPhase section */
		2789D8961D86254100B283A7 /* Frameworks */ = {
			isa = PBXFrameworksBuildPhase;
			buildActionMask = 2147483647;
			files = (
			);
			runOnlyForDeploymentPostprocessing = 0;
		};
/* End PBXFrameworksBuildPhase section */

/* Begin PBXGroup section */
		2711B3B81D95006100BB1363 /* External */ = {
			isa = PBXGroup;
			children = (
				278DE6241DD005E40034468B /* MJPopover */,
				2711B3B91D95007C00BB1363 /* ZSSRichTextEditor */,
			);
			name = External;
			sourceTree = "<group>";
		};
		2711B3B91D95007C00BB1363 /* ZSSRichTextEditor */ = {
			isa = PBXGroup;
			children = (
				2711B3EB1D951F8800BB1363 /* editor.html */,
				2711B3EC1D951F8800BB1363 /* Images */,
				2711B4391D951F8800BB1363 /* jQuery.js */,
				2711B43A1D951F8800BB1363 /* JSBeautifier.js */,
				2711B3BA1D95007C00BB1363 /* Third Party */,
				2711B3D01D95007C00BB1363 /* ZSSBarButtonItem.h */,
				2711B3D11D95007C00BB1363 /* ZSSBarButtonItem.m */,
				2711B3D21D95007C00BB1363 /* ZSSFontsViewController.h */,
				2711B3D31D95007C00BB1363 /* ZSSFontsViewController.m */,
				2711B3D41D95007C00BB1363 /* ZSSRichTextEditor.h */,
				2711B3D51D95007C00BB1363 /* ZSSRichTextEditor.js */,
				2711B3D61D95007C00BB1363 /* ZSSRichTextEditor.m */,
				2711B3D71D95007C00BB1363 /* ZSSTextView.h */,
				2711B3D81D95007C00BB1363 /* ZSSTextView.m */,
			);
			path = ZSSRichTextEditor;
			sourceTree = "<group>";
		};
		2711B3BA1D95007C00BB1363 /* Third Party */ = {
			isa = PBXGroup;
			children = (
				2711B3BB1D95007C00BB1363 /* CYRLayoutManager.h */,
				2711B3BC1D95007C00BB1363 /* CYRLayoutManager.m */,
				2711B3BD1D95007C00BB1363 /* CYRTextStorage.h */,
				2711B3BE1D95007C00BB1363 /* CYRTextStorage.m */,
				2711B3BF1D95007C00BB1363 /* CYRTextView.h */,
				2711B3C01D95007C00BB1363 /* CYRTextView.m */,
				2711B3C11D95007C00BB1363 /* CYRToken.h */,
				2711B3C21D95007C00BB1363 /* CYRToken.m */,
				2711B3CE1D95007C00BB1363 /* HRColorUtil.h */,
				2711B3CF1D95007C00BB1363 /* HRColorUtil.m */,
			);
			path = "Third Party";
			sourceTree = "<group>";
		};
		2711B3EC1D951F8800BB1363 /* Images */ = {
			isa = PBXGroup;
			children = (
				2711B3ED1D951F8800BB1363 /* ZSSbgcolor.png */,
				2711B3EE1D951F8800BB1363 /* ZSSbgcolor@2x.png */,
				2711B3EF1D951F8800BB1363 /* ZSSbold.png */,
				2711B3F01D951F8800BB1363 /* ZSSbold@2x.png */,
				2711B3F11D951F8800BB1363 /* ZSScenterjustify.png */,
				2711B3F21D951F8800BB1363 /* ZSScenterjustify@2x.png */,
				2711B3F31D951F8800BB1363 /* ZSSclearstyle.png */,
				2711B3F41D951F8800BB1363 /* ZSSclearstyle@2x.png */,
				2711B3F51D951F8800BB1363 /* ZSSfonts.png */,
				2711B3F61D951F8800BB1363 /* ZSSfonts@2x.png */,
				27AC94B71DC9E80D007C8D56 /* ZSSfontSize.png */,
				27AC94B81DC9E80D007C8D56 /* ZSSfontSize@2x.png */,
				2711B3F71D951F8800BB1363 /* ZSSforcejustify.png */,
				2711B3F81D951F8800BB1363 /* ZSSforcejustify@2x.png */,
				2711B3F91D951F8800BB1363 /* ZSSh1.png */,
				2711B3FA1D951F8800BB1363 /* ZSSh1@2x.png */,
				2711B3FB1D951F8800BB1363 /* ZSSh2.png */,
				2711B3FC1D951F8800BB1363 /* ZSSh2@2x.png */,
				2711B3FD1D951F8800BB1363 /* ZSSh3.png */,
				2711B3FE1D951F8800BB1363 /* ZSSh3@2x.png */,
				2711B3FF1D951F8800BB1363 /* ZSSh4.png */,
				2711B4001D951F8800BB1363 /* ZSSh4@2x.png */,
				2711B4011D951F8800BB1363 /* ZSSh5.png */,
				2711B4021D951F8800BB1363 /* ZSSh5@2x.png */,
				2711B4031D951F8800BB1363 /* ZSSh6.png */,
				2711B4041D951F8800BB1363 /* ZSSh6@2x.png */,
				2711B4051D951F8800BB1363 /* ZSShorizontalrule.png */,
				2711B4061D951F8800BB1363 /* ZSShorizontalrule@2x.png */,
				2711B4071D951F8800BB1363 /* ZSSimage.png */,
				2711B4081D951F8800BB1363 /* ZSSimage@2x.png */,
				2711B4091D951F8800BB1363 /* ZSSimageDevice.png */,
				2711B40A1D951F8800BB1363 /* ZSSimageDevice@2x.png */,
				2711B40B1D951F8800BB1363 /* ZSSindent.png */,
				2711B40C1D951F8800BB1363 /* ZSSindent@2x.png */,
				2711B40D1D951F8800BB1363 /* ZSSinsertkeyword.png */,
				2711B40E1D951F8800BB1363 /* ZSSinsertkeyword@2x.png */,
				2711B40F1D951F8800BB1363 /* ZSSitalic.png */,
				2711B4101D951F8800BB1363 /* ZSSitalic@2x.png */,
				2711B4111D951F8800BB1363 /* ZSSkeyboard.png */,
				2711B4121D951F8800BB1363 /* ZSSkeyboard@2x.png */,
				2711B4131D951F8800BB1363 /* ZSSleftjustify.png */,
				2711B4141D951F8800BB1363 /* ZSSleftjustify@2x.png */,
				2711B4151D951F8800BB1363 /* ZSSlink.png */,
				2711B4161D951F8800BB1363 /* ZSSlink@2x.png */,
				2711B4171D951F8800BB1363 /* ZSSorderedlist.png */,
				2711B4181D951F8800BB1363 /* ZSSorderedlist@2x.png */,
				2711B4191D951F8800BB1363 /* ZSSoutdent.png */,
				2711B41A1D951F8800BB1363 /* ZSSoutdent@2x.png */,
				2711B41B1D951F8800BB1363 /* ZSSparagraph.png */,
				2711B41C1D951F8800BB1363 /* ZSSparagraph@2x.png */,
				2711B41D1D951F8800BB1363 /* ZSSpicker.png */,
				2711B41E1D951F8800BB1363 /* ZSSpicker@2x.png */,
				2711B41F1D951F8800BB1363 /* ZSSquicklink.png */,
				2711B4201D951F8800BB1363 /* ZSSquicklink@2x.png */,
				2711B4211D951F8800BB1363 /* ZSSredo.png */,
				2711B4221D951F8800BB1363 /* ZSSredo@2x.png */,
				2711B4231D951F8800BB1363 /* ZSSrightjustify.png */,
				2711B4241D951F8800BB1363 /* ZSSrightjustify@2x.png */,
				2711B4251D951F8800BB1363 /* ZSSstrikethrough.png */,
				2711B4261D951F8800BB1363 /* ZSSstrikethrough@2x.png */,
				2711B4271D951F8800BB1363 /* ZSSsubscript.png */,
				2711B4281D951F8800BB1363 /* ZSSsubscript@2x.png */,
				2711B4291D951F8800BB1363 /* ZSSsuperscript.png */,
				2711B42A1D951F8800BB1363 /* ZSSsuperscript@2x.png */,
				2711B42B1D951F8800BB1363 /* ZSStable.png */,
				2711B42C1D951F8800BB1363 /* ZSStable@2x.png */,
				2711B42D1D951F8800BB1363 /* ZSStextcolor.png */,
				2711B42E1D951F8800BB1363 /* ZSStextcolor@2x.png */,
				2711B42F1D951F8800BB1363 /* ZSSunderline.png */,
				2711B4301D951F8800BB1363 /* ZSSunderline@2x.png */,
				2711B4311D951F8800BB1363 /* ZSSundo.png */,
				2711B4321D951F8800BB1363 /* ZSSundo@2x.png */,
				2711B4331D951F8800BB1363 /* ZSSunlink.png */,
				2711B4341D951F8800BB1363 /* ZSSunlink@2x.png */,
				2711B4351D951F8800BB1363 /* ZSSunorderedlist.png */,
				2711B4361D951F8800BB1363 /* ZSSunorderedlist@2x.png */,
				2711B4371D951F8800BB1363 /* ZSSviewsource.png */,
				2711B4381D951F8800BB1363 /* ZSSviewsource@2x.png */,
			);
			path = Images;
			sourceTree = "<group>";
		};
		2789D8901D86254100B283A7 = {
			isa = PBXGroup;
			children = (
				278DE6311DD006710034468B /* Other Sources */,
				2711B3B81D95006100BB1363 /* External */,
				2789D8AE1D86264E00B283A7 /* Base */,
				2789D89B1D86254100B283A7 /* MultiTextView */,
				2789D8D21D867F6800B283A7 /* images */,
				2789D89A1D86254100B283A7 /* Products */,
			);
			sourceTree = "<group>";
		};
		2789D89A1D86254100B283A7 /* Products */ = {
			isa = PBXGroup;
			children = (
				2789D8991D86254100B283A7 /* MultiTextView.app */,
			);
			name = Products;
			sourceTree = "<group>";
		};
		2789D89B1D86254100B283A7 /* MultiTextView */ = {
			isa = PBXGroup;
			children = (
				2789D89C1D86254100B283A7 /* AppDelegate.swift */,
				2789D8A31D86254100B283A7 /* Assets.xcassets */,
				2789D8A81D86254100B283A7 /* Info.plist */,
				2789D8A51D86254100B283A7 /* LaunchScreen.storyboard */,
				2789D8BF1D8640E500B283A7 /* LLClipMultiTextInputViewController.swift */,
				2789D8C01D8640E500B283A7 /* LLClipMultiTextInputViewController.xib */,
				278DE6331DD011370034468B /* LLClipMultiTextInputViewController~iphone.xib */,
				2753BECC1D891AD900BFED52 /* LLTextHandleView.swift */,
				2789D8A01D86254100B283A7 /* Main.storyboard */,
				2789D89E1D86254100B283A7 /* ViewController.swift */,
			);
			path = MultiTextView;
			sourceTree = "<group>";
		};
		2789D8AE1D86264E00B283A7 /* Base */ = {
			isa = PBXGroup;
			children = (
				2789D8C31D86426200B283A7 /* LLBorderedButton.h */,
				2789D8C41D86426200B283A7 /* LLBorderedButton.m */,
				278DE6391DD013910034468B /* LLButton.h */,
				278DE63A1DD013910034468B /* LLButton.m */,
				2789D8B61D86270300B283A7 /* LLClip.h */,
				2789D8B71D86270300B283A7 /* LLClip.m */,
				2789D8B31D8626F200B283A7 /* LLClipItem.h */,
				2789D8B41D8626F200B283A7 /* LLClipItem.m */,
				2724BE241DCC74C1001812E6 /* LLClipTextInputViewController.h */,
				2724BE251DCC74C1001812E6 /* LLClipTextInputViewController.mm */,
				2789D8B01D86268C00B283A7 /* LLClipViewController.h */,
				2789D8B11D86268C00B283A7 /* LLClipViewController.m */,
				2789D8B91D8627D400B283A7 /* LLClipViewController.xib */,
				2789D8BD1D862E2B00B283A7 /* LLClipViewController~iphone.xib */,
				2789D8CF1D8674B400B283A7 /* LLFullScreenPlayView.h */,
				2789D8D01D8674B400B283A7 /* LLFullScreenPlayView.m */,
				2711B3E81D950EF200BB1363 /* LLUtility.h */,
				2711B3E91D950EF200BB1363 /* LLUtility.m */,
				2789D8CA1D86494800B283A7 /* Localizable.strings */,
				2789D8AF1D86268C00B283A7 /* MultiTextView-Bridging-Header.h */,
				278DE6161DCFF8A40034468B /* UIColor+Util.swift */,
			);
			name = Base;
			sourceTree = "<group>";
		};
		2789D8D21D867F6800B283A7 /* images */ = {
			isa = PBXGroup;
			children = (
				278DE63C1DD013FD0034468B /* moji_on.png */,
				278DE63D1DD013FD0034468B /* moji_on@2x.png */,
				278DE63E1DD013FD0034468B /* moji.png */,
				278DE63F1DD013FD0034468B /* moji@2x.png */,
				2789D8D31D867F7E00B283A7 /* NewDrawing.png */,
				2789D8D41D867F7E00B283A7 /* NewDrawing@2x.png */,
				278DE6351DD013780034468B /* TextButtonIcon.png */,
				278DE6361DD013780034468B /* TextButtonIcon@2x.png */,
				2789D8D51D867F7E00B283A7 /* WhiteCircleButton_on.png */,
				2789D8D61D867F7E00B283A7 /* WhiteCircleButton_on@2x.png */,
				2789D8D71D867F7E00B283A7 /* WhiteCircleButton.png */,
				2789D8D81D867F7E00B283A7 /* WhiteCircleButton@2x.png */,
			);
			name = images;
			sourceTree = "<group>";
		};
		278DE6241DD005E40034468B /* MJPopover */ = {
			isa = PBXGroup;
			children = (
				278DE6251DD005F00034468B /* MJArrowView.h */,
				278DE6261DD005F00034468B /* MJArrowView.m */,
				278DE6271DD005F00034468B /* MJPopoverContainerViewController.h */,
				278DE6281DD005F00034468B /* MJPopoverContainerViewController.m */,
				278DE6291DD005F00034468B /* MJPopoverController.h */,
				278DE62A1DD005F00034468B /* MJPopoverController.m */,
				278DE62B1DD005F00034468B /* MJPopoverView.h */,
				278DE62C1DD005F00034468B /* MJPopoverView.m */,
			);
			name = MJPopover;
			sourceTree = "<group>";
		};
		278DE6311DD006710034468B /* Other Sources */ = {
			isa = PBXGroup;
			children = (
				278DE6321DD006C50034468B /* MultiTextView_Prefix.pch */,
			);
			name = "Other Sources";
			sourceTree = "<group>";
		};
/* End PBXGroup section */

/* Begin PBXNativeTarget section */
		2789D8981D86254100B283A7 /* MultiTextView */ = {
			isa = PBXNativeTarget;
			buildConfigurationList = 2789D8AB1D86254100B283A7 /* Build configuration list for PBXNativeTarget "MultiTextView" */;
			buildPhases = (
				2789D8951D86254100B283A7 /* Sources */,
				2789D8961D86254100B283A7 /* Frameworks */,
				2789D8971D86254100B283A7 /* Resources */,
			);
			buildRules = (
			);
			dependencies = (
			);
			name = MultiTextView;
			productName = MultiTextView;
			productReference = 2789D8991D86254100B283A7 /* MultiTextView.app */;
			productType = "com.apple.product-type.application";
		};
/* End PBXNativeTarget section */

/* Begin PBXProject section */
		2789D8911D86254100B283A7 /* Project object */ = {
			isa = PBXProject;
			attributes = {
				LastSwiftUpdateCheck = 0730;
				LastUpgradeCheck = 0730;
				ORGANIZATIONNAME = loilo;
				TargetAttributes = {
					2789D8981D86254100B283A7 = {
						CreatedOnToolsVersion = 7.3.1;
					};
				};
			};
			buildConfigurationList = 2789D8941D86254100B283A7 /* Build configuration list for PBXProject "MultiTextView" */;
			compatibilityVersion = "Xcode 3.2";
			developmentRegion = English;
			hasScannedForEncodings = 0;
			knownRegions = (
				en,
				Base,
				ja,
			);
			mainGroup = 2789D8901D86254100B283A7;
			productRefGroup = 2789D89A1D86254100B283A7 /* Products */;
			projectDirPath = "";
			projectRoot = "";
			targets = (
				2789D8981D86254100B283A7 /* MultiTextView */,
			);
		};
/* End PBXProject section */

/* Begin PBXResourcesBuildPhase section */
		2789D8971D86254100B283A7 /* Resources */ = {
			isa = PBXResourcesBuildPhase;
			buildActionMask = 2147483647;
			files = (
				27AC94BA1DC9E80D007C8D56 /* ZSSfontSize@2x.png in Resources */,
				2711B4701D951F8800BB1363 /* ZSSredo.png in Resources */,
				2711B4871D951F8800BB1363 /* ZSSviewsource@2x.png in Resources */,
				2711B4811D951F8800BB1363 /* ZSSundo@2x.png in Resources */,
				2711B4711D951F8800BB1363 /* ZSSredo@2x.png in Resources */,
				2711B44A1D951F8800BB1363 /* ZSSh2.png in Resources */,
				2711B46A1D951F8800BB1363 /* ZSSparagraph.png in Resources */,
				2711B45C1D951F8800BB1363 /* ZSSinsertkeyword.png in Resources */,
				2789D8DB1D867F7E00B283A7 /* WhiteCircleButton_on.png in Resources */,
				2711B4791D951F8800BB1363 /* ZSSsuperscript@2x.png in Resources */,
				2711B47C1D951F8800BB1363 /* ZSStextcolor.png in Resources */,
				2711B4561D951F8800BB1363 /* ZSSimage.png in Resources */,
				2711B4471D951F8800BB1363 /* ZSSforcejustify@2x.png in Resources */,
				2711B4451D951F8800BB1363 /* ZSSfonts@2x.png in Resources */,
				2711B4891D951F8800BB1363 /* JSBeautifier.js in Resources */,
				2711B4441D951F8800BB1363 /* ZSSfonts.png in Resources */,
				2711B4801D951F8800BB1363 /* ZSSundo.png in Resources */,
				2711B4531D951F8800BB1363 /* ZSSh6@2x.png in Resources */,
				2711B43B1D951F8800BB1363 /* editor.html in Resources */,
				278DE6421DD013FD0034468B /* moji.png in Resources */,
				2711B44D1D951F8800BB1363 /* ZSSh3@2x.png in Resources */,
				2711B4481D951F8800BB1363 /* ZSSh1.png in Resources */,
				2711B3E51D95007C00BB1363 /* ZSSRichTextEditor.js in Resources */,
				2711B46F1D951F8800BB1363 /* ZSSquicklink@2x.png in Resources */,
				2711B4631D951F8800BB1363 /* ZSSleftjustify@2x.png in Resources */,
				2789D8DA1D867F7E00B283A7 /* NewDrawing@2x.png in Resources */,
				2711B4411D951F8800BB1363 /* ZSScenterjustify@2x.png in Resources */,
				2789D8BA1D8627D400B283A7 /* LLClipViewController.xib in Resources */,
				2711B47D1D951F8800BB1363 /* ZSStextcolor@2x.png in Resources */,
				2711B4521D951F8800BB1363 /* ZSSh6.png in Resources */,
				2711B46D1D951F8800BB1363 /* ZSSpicker@2x.png in Resources */,
				2789D8C81D86494800B283A7 /* Localizable.strings in Resources */,
				2711B4551D951F8800BB1363 /* ZSShorizontalrule@2x.png in Resources */,
				278DE6401DD013FD0034468B /* moji_on.png in Resources */,
				278DE6371DD013780034468B /* TextButtonIcon.png in Resources */,
				2789D8A71D86254100B283A7 /* LaunchScreen.storyboard in Resources */,
				2789D8DE1D867F7E00B283A7 /* WhiteCircleButton@2x.png in Resources */,
				2711B4851D951F8800BB1363 /* ZSSunorderedlist@2x.png in Resources */,
				2711B47E1D951F8800BB1363 /* ZSSunderline.png in Resources */,
				2711B4591D951F8800BB1363 /* ZSSimageDevice@2x.png in Resources */,
				2711B46B1D951F8800BB1363 /* ZSSparagraph@2x.png in Resources */,
				2711B4771D951F8800BB1363 /* ZSSsubscript@2x.png in Resources */,
				2711B4661D951F8800BB1363 /* ZSSorderedlist.png in Resources */,
				2711B44F1D951F8800BB1363 /* ZSSh4@2x.png in Resources */,
				2711B45B1D951F8800BB1363 /* ZSSindent@2x.png in Resources */,
				2711B45D1D951F8800BB1363 /* ZSSinsertkeyword@2x.png in Resources */,
				2711B4781D951F8800BB1363 /* ZSSsuperscript.png in Resources */,
				2711B4691D951F8800BB1363 /* ZSSoutdent@2x.png in Resources */,
				2711B4541D951F8800BB1363 /* ZSShorizontalrule.png in Resources */,
				2789D8DC1D867F7E00B283A7 /* WhiteCircleButton_on@2x.png in Resources */,
				2711B43D1D951F8800BB1363 /* ZSSbgcolor@2x.png in Resources */,
				2711B45A1D951F8800BB1363 /* ZSSindent.png in Resources */,
				2711B4401D951F8800BB1363 /* ZSScenterjustify.png in Resources */,
				2711B4751D951F8800BB1363 /* ZSSstrikethrough@2x.png in Resources */,
				27AC94B91DC9E80D007C8D56 /* ZSSfontSize.png in Resources */,
				2711B43F1D951F8800BB1363 /* ZSSbold@2x.png in Resources */,
				2711B43C1D951F8800BB1363 /* ZSSbgcolor.png in Resources */,
				2711B4501D951F8800BB1363 /* ZSSh5.png in Resources */,
				2711B4511D951F8800BB1363 /* ZSSh5@2x.png in Resources */,
				2711B4861D951F8800BB1363 /* ZSSviewsource.png in Resources */,
				2711B4421D951F8800BB1363 /* ZSSclearstyle.png in Resources */,
				2711B4431D951F8800BB1363 /* ZSSclearstyle@2x.png in Resources */,
				2711B44B1D951F8800BB1363 /* ZSSh2@2x.png in Resources */,
				2711B47F1D951F8800BB1363 /* ZSSunderline@2x.png in Resources */,
				2789D8BE1D862E2B00B283A7 /* LLClipViewController~iphone.xib in Resources */,
				2711B4731D951F8800BB1363 /* ZSSrightjustify@2x.png in Resources */,
				278DE6381DD013780034468B /* TextButtonIcon@2x.png in Resources */,
				2711B47A1D951F8800BB1363 /* ZSStable.png in Resources */,
				2711B45F1D951F8800BB1363 /* ZSSitalic@2x.png in Resources */,
				2711B44C1D951F8800BB1363 /* ZSSh3.png in Resources */,
				2711B4721D951F8800BB1363 /* ZSSrightjustify.png in Resources */,
				2711B4601D951F8800BB1363 /* ZSSkeyboard.png in Resources */,
				2711B4651D951F8800BB1363 /* ZSSlink@2x.png in Resources */,
				2789D8DD1D867F7E00B283A7 /* WhiteCircleButton.png in Resources */,
				2789D8A41D86254100B283A7 /* Assets.xcassets in Resources */,
				2789D8C21D8640E500B283A7 /* LLClipMultiTextInputViewController.xib in Resources */,
				2711B4761D951F8800BB1363 /* ZSSsubscript.png in Resources */,
				2711B4641D951F8800BB1363 /* ZSSlink.png in Resources */,
				2711B44E1D951F8800BB1363 /* ZSSh4.png in Resources */,
				2711B4881D951F8800BB1363 /* jQuery.js in Resources */,
				2711B4621D951F8800BB1363 /* ZSSleftjustify.png in Resources */,
				2789D8A21D86254100B283A7 /* Main.storyboard in Resources */,
				2711B4821D951F8800BB1363 /* ZSSunlink.png in Resources */,
				2789D8D91D867F7E00B283A7 /* NewDrawing.png in Resources */,
				2711B4831D951F8800BB1363 /* ZSSunlink@2x.png in Resources */,
				2711B4611D951F8800BB1363 /* ZSSkeyboard@2x.png in Resources */,
				2711B4841D951F8800BB1363 /* ZSSunorderedlist.png in Resources */,
				278DE6411DD013FD0034468B /* moji_on@2x.png in Resources */,
				2711B4491D951F8800BB1363 /* ZSSh1@2x.png in Resources */,
				2711B4671D951F8800BB1363 /* ZSSorderedlist@2x.png in Resources */,
				2711B46E1D951F8800BB1363 /* ZSSquicklink.png in Resources */,
				2711B4581D951F8800BB1363 /* ZSSimageDevice.png in Resources */,
				2711B4571D951F8800BB1363 /* ZSSimage@2x.png in Resources */,
				278DE6431DD013FD0034468B /* moji@2x.png in Resources */,
				2711B4741D951F8800BB1363 /* ZSSstrikethrough.png in Resources */,
				2711B4681D951F8800BB1363 /* ZSSoutdent.png in Resources */,
				2711B43E1D951F8800BB1363 /* ZSSbold.png in Resources */,
				2711B45E1D951F8800BB1363 /* ZSSitalic.png in Resources */,
				2711B46C1D951F8800BB1363 /* ZSSpicker.png in Resources */,
				2711B4461D951F8800BB1363 /* ZSSforcejustify.png in Resources */,
				278DE6341DD011370034468B /* LLClipMultiTextInputViewController~iphone.xib in Resources */,
				2711B47B1D951F8800BB1363 /* ZSStable@2x.png in Resources */,
			);
			runOnlyForDeploymentPostprocessing = 0;
		};
/* End PBXResourcesBuildPhase section */

/* Begin PBXSourcesBuildPhase section */
		2789D8951D86254100B283A7 /* Sources */ = {
			isa = PBXSourcesBuildPhase;
			buildActionMask = 2147483647;
			files = (
				2724BE261DCC74C1001812E6 /* LLClipTextInputViewController.mm in Sources */,
				2711B3E41D95007C00BB1363 /* ZSSFontsViewController.m in Sources */,
				2789D89F1D86254100B283A7 /* ViewController.swift in Sources */,
				2711B3E21D95007C00BB1363 /* HRColorUtil.m in Sources */,
				2789D8B21D86268C00B283A7 /* LLClipViewController.m in Sources */,
				278DE63B1DD013910034468B /* LLButton.m in Sources */,
				2711B3DB1D95007C00BB1363 /* CYRTextView.m in Sources */,
				278DE62F1DD005F00034468B /* MJPopoverController.m in Sources */,
				2789D8C11D8640E500B283A7 /* LLClipMultiTextInputViewController.swift in Sources */,
				2711B3E71D95007C00BB1363 /* ZSSTextView.m in Sources */,
				2789D8B81D86270300B283A7 /* LLClip.m in Sources */,
				2789D8C51D86426200B283A7 /* LLBorderedButton.m in Sources */,
				2711B3E61D95007C00BB1363 /* ZSSRichTextEditor.m in Sources */,
				2711B3DA1D95007C00BB1363 /* CYRTextStorage.m in Sources */,
				278DE6171DCFF8A40034468B /* UIColor+Util.swift in Sources */,
				2753BECD1D891AD900BFED52 /* LLTextHandleView.swift in Sources */,
				278DE6301DD005F00034468B /* MJPopoverView.m in Sources */,
				2711B3D91D95007C00BB1363 /* CYRLayoutManager.m in Sources */,
				2711B3EA1D950EF200BB1363 /* LLUtility.m in Sources */,
				278DE62E1DD005F00034468B /* MJPopoverContainerViewController.m in Sources */,
				2711B3DC1D95007C00BB1363 /* CYRToken.m in Sources */,
				278DE62D1DD005F00034468B /* MJArrowView.m in Sources */,
				2789D8D11D8674B400B283A7 /* LLFullScreenPlayView.m in Sources */,
				2711B3E31D95007C00BB1363 /* ZSSBarButtonItem.m in Sources */,
				2789D8B51D8626F200B283A7 /* LLClipItem.m in Sources */,
				2789D89D1D86254100B283A7 /* AppDelegate.swift in Sources */,
			);
			runOnlyForDeploymentPostprocessing = 0;
		};
/* End PBXSourcesBuildPhase section */

/* Begin PBXVariantGroup section */
		2789D8A01D86254100B283A7 /* Main.storyboard */ = {
			isa = PBXVariantGroup;
			children = (
				2789D8A11D86254100B283A7 /* Base */,
				2789D8CC1D86498D00B283A7 /* ja */,
			);
			name = Main.storyboard;
			sourceTree = "<group>";
		};
		2789D8A51D86254100B283A7 /* LaunchScreen.storyboard */ = {
			isa = PBXVariantGroup;
			children = (
				2789D8A61D86254100B283A7 /* Base */,
				2789D8CD1D86498D00B283A7 /* ja */,
			);
			name = LaunchScreen.storyboard;
			sourceTree = "<group>";
		};
		2789D8CA1D86494800B283A7 /* Localizable.strings */ = {
			isa = PBXVariantGroup;
			children = (
				2789D8CB1D86494D00B283A7 /* en */,
				2789D8CE1D86498D00B283A7 /* ja */,
			);
			name = Localizable.strings;
			path = Base;
			sourceTree = "<group>";
		};
/* End PBXVariantGroup section */

/* Begin XCBuildConfiguration section */
		2789D8A91D86254100B283A7 /* Debug */ = {
			isa = XCBuildConfiguration;
			buildSettings = {
				ALWAYS_SEARCH_USER_PATHS = NO;
				CLANG_ANALYZER_NONNULL = YES;
				CLANG_CXX_LANGUAGE_STANDARD = "gnu++0x";
				CLANG_CXX_LIBRARY = "libc++";
				CLANG_ENABLE_MODULES = YES;
				CLANG_ENABLE_OBJC_ARC = YES;
				CLANG_WARN_BOOL_CONVERSION = YES;
				CLANG_WARN_CONSTANT_CONVERSION = YES;
				CLANG_WARN_DIRECT_OBJC_ISA_USAGE = YES_ERROR;
				CLANG_WARN_EMPTY_BODY = YES;
				CLANG_WARN_ENUM_CONVERSION = YES;
				CLANG_WARN_INT_CONVERSION = YES;
				CLANG_WARN_OBJC_ROOT_CLASS = YES_ERROR;
				CLANG_WARN_UNREACHABLE_CODE = YES;
				CLANG_WARN__DUPLICATE_METHOD_MATCH = YES;
				"CODE_SIGN_IDENTITY[sdk=iphoneos*]" = "iPhone Developer";
				COPY_PHASE_STRIP = NO;
				DEBUG_INFORMATION_FORMAT = dwarf;
				ENABLE_STRICT_OBJC_MSGSEND = YES;
				ENABLE_TESTABILITY = YES;
				GCC_C_LANGUAGE_STANDARD = gnu99;
				GCC_DYNAMIC_NO_PIC = NO;
				GCC_NO_COMMON_BLOCKS = YES;
				GCC_OPTIMIZATION_LEVEL = 0;
				GCC_PREPROCESSOR_DEFINITIONS = (
					"DEBUG=1",
					"$(inherited)",
				);
				GCC_WARN_64_TO_32_BIT_CONVERSION = YES;
				GCC_WARN_ABOUT_RETURN_TYPE = YES_ERROR;
				GCC_WARN_UNDECLARED_SELECTOR = YES;
				GCC_WARN_UNINITIALIZED_AUTOS = YES_AGGRESSIVE;
				GCC_WARN_UNUSED_FUNCTION = YES;
				GCC_WARN_UNUSED_VARIABLE = YES;
				IPHONEOS_DEPLOYMENT_TARGET = 8.0;
				MTL_ENABLE_DEBUG_INFO = YES;
				ONLY_ACTIVE_ARCH = YES;
				SDKROOT = iphoneos;
				SWIFT_OPTIMIZATION_LEVEL = "-Onone";
				TARGETED_DEVICE_FAMILY = "1,2";
			};
			name = Debug;
		};
		2789D8AA1D86254100B283A7 /* Release */ = {
			isa = XCBuildConfiguration;
			buildSettings = {
				ALWAYS_SEARCH_USER_PATHS = NO;
				CLANG_ANALYZER_NONNULL = YES;
				CLANG_CXX_LANGUAGE_STANDARD = "gnu++0x";
				CLANG_CXX_LIBRARY = "libc++";
				CLANG_ENABLE_MODULES = YES;
				CLANG_ENABLE_OBJC_ARC = YES;
				CLANG_WARN_BOOL_CONVERSION = YES;
				CLANG_WARN_CONSTANT_CONVERSION = YES;
				CLANG_WARN_DIRECT_OBJC_ISA_USAGE = YES_ERROR;
				CLANG_WARN_EMPTY_BODY = YES;
				CLANG_WARN_ENUM_CONVERSION = YES;
				CLANG_WARN_INT_CONVERSION = YES;
				CLANG_WARN_OBJC_ROOT_CLASS = YES_ERROR;
				CLANG_WARN_UNREACHABLE_CODE = YES;
				CLANG_WARN__DUPLICATE_METHOD_MATCH = YES;
				"CODE_SIGN_IDENTITY[sdk=iphoneos*]" = "iPhone Developer";
				COPY_PHASE_STRIP = NO;
				DEBUG_INFORMATION_FORMAT = "dwarf-with-dsym";
				ENABLE_NS_ASSERTIONS = NO;
				ENABLE_STRICT_OBJC_MSGSEND = YES;
				GCC_C_LANGUAGE_STANDARD = gnu99;
				GCC_NO_COMMON_BLOCKS = YES;
				GCC_WARN_64_TO_32_BIT_CONVERSION = YES;
				GCC_WARN_ABOUT_RETURN_TYPE = YES_ERROR;
				GCC_WARN_UNDECLARED_SELECTOR = YES;
				GCC_WARN_UNINITIALIZED_AUTOS = YES_AGGRESSIVE;
				GCC_WARN_UNUSED_FUNCTION = YES;
				GCC_WARN_UNUSED_VARIABLE = YES;
				IPHONEOS_DEPLOYMENT_TARGET = 8.0;
				MTL_ENABLE_DEBUG_INFO = NO;
				SDKROOT = iphoneos;
				TARGETED_DEVICE_FAMILY = "1,2";
				VALIDATE_PRODUCT = YES;
			};
			name = Release;
		};
		2789D8AC1D86254100B283A7 /* Debug */ = {
			isa = XCBuildConfiguration;
			buildSettings = {
				ASSETCATALOG_COMPILER_APPICON_NAME = AppIcon;
				CLANG_ENABLE_MODULES = YES;
				GCC_PREFIX_HEADER = MultiTextView_Prefix.pch;
				INFOPLIST_FILE = MultiTextView/Info.plist;
				LD_RUNPATH_SEARCH_PATHS = "$(inherited) @executable_path/Frameworks";
				PRODUCT_BUNDLE_IDENTIFIER = Bottega.MultiTextView;
				PRODUCT_NAME = "$(TARGET_NAME)";
				SWIFT_OBJC_BRIDGING_HEADER = "MultiTextView-Bridging-Header.h";
				SWIFT_OPTIMIZATION_LEVEL = "-Onone";
			};
			name = Debug;
		};
		2789D8AD1D86254100B283A7 /* Release */ = {
			isa = XCBuildConfiguration;
			buildSettings = {
				ASSETCATALOG_COMPILER_APPICON_NAME = AppIcon;
				CLANG_ENABLE_MODULES = YES;
				GCC_PREFIX_HEADER = MultiTextView_Prefix.pch;
				INFOPLIST_FILE = MultiTextView/Info.plist;
				LD_RUNPATH_SEARCH_PATHS = "$(inherited) @executable_path/Frameworks";
				PRODUCT_BUNDLE_IDENTIFIER = Bottega.MultiTextView;
				PRODUCT_NAME = "$(TARGET_NAME)";
				SWIFT_OBJC_BRIDGING_HEADER = "MultiTextView-Bridging-Header.h";
			};
			name = Release;
		};
/* End XCBuildConfiguration section */

/* Begin XCConfigurationList section */
		2789D8941D86254100B283A7 /* Build configuration list for PBXProject "MultiTextView" */ = {
			isa = XCConfigurationList;
			buildConfigurations = (
				2789D8A91D86254100B283A7 /* Debug */,
				2789D8AA1D86254100B283A7 /* Release */,
			);
			defaultConfigurationIsVisible = 0;
			defaultConfigurationName = Release;
		};
		2789D8AB1D86254100B283A7 /* Build configuration list for PBXNativeTarget "MultiTextView" */ = {
			isa = XCConfigurationList;
			buildConfigurations = (
				2789D8AC1D86254100B283A7 /* Debug */,
				2789D8AD1D86254100B283A7 /* Release */,
			);
			defaultConfigurationIsVisible = 0;
			defaultConfigurationName = Release;
		};
/* End XCConfigurationList section */
	};
	rootObject = 2789D8911D86254100B283A7 /* Project object */;
}
